// !$*UTF8*$!
{
	archiveVersion = 1;
	classes = {
	};
	objectVersion = 46;
	objects = {

/* Begin PBXBuildFile section */
		39B96DA61F0B7A1B00B8F3DF /* .swiftlint.yml in Resources */ = {isa = PBXBuildFile; fileRef = 39B96DA51F0B7A1B00B8F3DF /* .swiftlint.yml */; };
		39B96DA81F0B7A2300B8F3DF /* .gitignore in Resources */ = {isa = PBXBuildFile; fileRef = 39B96DA71F0B7A2300B8F3DF /* .gitignore */; };
		4C58CC4B1F0B727000724E7E /* Diff.framework in Frameworks */ = {isa = PBXBuildFile; fileRef = 4C58CC4A1F0B727000724E7E /* Diff.framework */; };
		4DE97E0B1C7AFF1D00393489 /* Assets.xcassets in Resources */ = {isa = PBXBuildFile; fileRef = 4DE97DEA1C7AFF1D00393489 /* Assets.xcassets */; };
		4DE97E0D1C7AFF1D00393489 /* AppDelegate.swift in Sources */ = {isa = PBXBuildFile; fileRef = 4DE97DED1C7AFF1D00393489 /* AppDelegate.swift */; };
		4DE97E0E1C7AFF1D00393489 /* Appearance.swift in Sources */ = {isa = PBXBuildFile; fileRef = 4DE97DEE1C7AFF1D00393489 /* Appearance.swift */; };
		4DE97E0F1C7AFF1D00393489 /* Config.swift in Sources */ = {isa = PBXBuildFile; fileRef = 4DE97DEF1C7AFF1D00393489 /* Config.swift */; };
		4DE97E151C7AFF1D00393489 /* LaunchScreen.storyboard in Resources */ = {isa = PBXBuildFile; fileRef = 4DE97DFA1C7AFF1D00393489 /* LaunchScreen.storyboard */; };
		4DE97E161C7AFF1D00393489 /* Main.storyboard in Resources */ = {isa = PBXBuildFile; fileRef = 4DE97DFC1C7AFF1D00393489 /* Main.storyboard */; };
		4DE97E191C7AFF1D00393489 /* ViewController.swift in Sources */ = {isa = PBXBuildFile; fileRef = 4DE97E021C7AFF1D00393489 /* ViewController.swift */; };
		4DE97E201C7B00F000393489 /* Environment.swift in Sources */ = {isa = PBXBuildFile; fileRef = 4DE97E1F1C7B00F000393489 /* Environment.swift */; };
		4DE97E291C7B04B200393489 /* Storyboard.swift in Sources */ = {isa = PBXBuildFile; fileRef = 4DE97E281C7B04B200393489 /* Storyboard.swift */; };
		4DE97E2B1C7B069600393489 /* MoyaLogger.swift in Sources */ = {isa = PBXBuildFile; fileRef = 4DE97E2A1C7B069600393489 /* MoyaLogger.swift */; };
		4DE97E431C7B223A00393489 /* API.swift in Sources */ = {isa = PBXBuildFile; fileRef = 4DE97E421C7B223A00393489 /* API.swift */; };
		4DE97E451C7B22CA00393489 /* APIClient.swift in Sources */ = {isa = PBXBuildFile; fileRef = 4DE97E441C7B22CA00393489 /* APIClient.swift */; };
		4DE97E481C7B231D00393489 /* test.json in Resources */ = {isa = PBXBuildFile; fileRef = 4DE97E471C7B231D00393489 /* test.json */; };
		BC6A83791EDEF59500F16019 /* Credentials.swift in Sources */ = {isa = PBXBuildFile; fileRef = BC6A83781EDEF59500F16019 /* Credentials.swift */; };
		BC6A83861EDEF75A00F16019 /* Alamofire.framework in Frameworks */ = {isa = PBXBuildFile; fileRef = BC6A837A1EDEF75A00F16019 /* Alamofire.framework */; };
		BC6A83881EDEF75A00F16019 /* KeychainAccess.framework in Frameworks */ = {isa = PBXBuildFile; fileRef = BC6A837C1EDEF75A00F16019 /* KeychainAccess.framework */; };
		BC6A83891EDEF75A00F16019 /* Mapper.framework in Frameworks */ = {isa = PBXBuildFile; fileRef = BC6A837D1EDEF75A00F16019 /* Mapper.framework */; };
		BC6A838A1EDEF75A00F16019 /* Moya.framework in Frameworks */ = {isa = PBXBuildFile; fileRef = BC6A837E1EDEF75A00F16019 /* Moya.framework */; };
		BC6A838B1EDEF75A00F16019 /* ReactiveCocoa.framework in Frameworks */ = {isa = PBXBuildFile; fileRef = BC6A837F1EDEF75A00F16019 /* ReactiveCocoa.framework */; };
		BC6A838C1EDEF75A00F16019 /* ReactiveMapper.framework in Frameworks */ = {isa = PBXBuildFile; fileRef = BC6A83801EDEF75A00F16019 /* ReactiveMapper.framework */; };
		BC6A838D1EDEF75A00F16019 /* ReactiveMoya.framework in Frameworks */ = {isa = PBXBuildFile; fileRef = BC6A83811EDEF75A00F16019 /* ReactiveMoya.framework */; };
		BC6A838E1EDEF75A00F16019 /* ReactiveSwift.framework in Frameworks */ = {isa = PBXBuildFile; fileRef = BC6A83821EDEF75A00F16019 /* ReactiveSwift.framework */; };
		BC6A838F1EDEF75A00F16019 /* Result.framework in Frameworks */ = {isa = PBXBuildFile; fileRef = BC6A83831EDEF75A00F16019 /* Result.framework */; };
		BC6A83901EDEF75A00F16019 /* SimpleButton.framework in Frameworks */ = {isa = PBXBuildFile; fileRef = BC6A83841EDEF75A00F16019 /* SimpleButton.framework */; };
		BC6A83911EDEF75A00F16019 /* StatefulViewController.framework in Frameworks */ = {isa = PBXBuildFile; fileRef = BC6A83851EDEF75A00F16019 /* StatefulViewController.framework */; };
		BC6A83931EDEF87D00F16019 /* APIError.swift in Sources */ = {isa = PBXBuildFile; fileRef = BC6A83921EDEF87D00F16019 /* APIError.swift */; };
		BC6A839E1EDFF9EF00F16019 /* Strings.swift in Sources */ = {isa = PBXBuildFile; fileRef = BC6A839D1EDFF9EF00F16019 /* Strings.swift */; };
		BC6A83A31EDFFC2C00F16019 /* DataSource.framework in Frameworks */ = {isa = PBXBuildFile; fileRef = BC6A837B1EDEF75A00F16019 /* DataSource.framework */; };
/* End PBXBuildFile section */

/* Begin PBXFileReference section */
		39B96DA51F0B7A1B00B8F3DF /* .swiftlint.yml */ = {isa = PBXFileReference; fileEncoding = 4; lastKnownFileType = text; path = .swiftlint.yml; sourceTree = "<group>"; };
		39B96DA71F0B7A2300B8F3DF /* .gitignore */ = {isa = PBXFileReference; fileEncoding = 4; lastKnownFileType = text; path = .gitignore; sourceTree = "<group>"; };
		4C58CC4A1F0B727000724E7E /* Diff.framework */ = {isa = PBXFileReference; lastKnownFileType = wrapper.framework; name = Diff.framework; path = Carthage/Build/iOS/Diff.framework; sourceTree = "<group>"; };
		4DE97DB71C7AFE3800393489 /* Example.app */ = {isa = PBXFileReference; explicitFileType = wrapper.application; includeInIndex = 0; path = Example.app; sourceTree = BUILT_PRODUCTS_DIR; };
		4DE97DEA1C7AFF1D00393489 /* Assets.xcassets */ = {isa = PBXFileReference; lastKnownFileType = folder.assetcatalog; path = Assets.xcassets; sourceTree = "<group>"; };
		4DE97DED1C7AFF1D00393489 /* AppDelegate.swift */ = {isa = PBXFileReference; fileEncoding = 4; lastKnownFileType = sourcecode.swift; path = AppDelegate.swift; sourceTree = "<group>"; };
		4DE97DEE1C7AFF1D00393489 /* Appearance.swift */ = {isa = PBXFileReference; fileEncoding = 4; lastKnownFileType = sourcecode.swift; path = Appearance.swift; sourceTree = "<group>"; };
		4DE97DEF1C7AFF1D00393489 /* Config.swift */ = {isa = PBXFileReference; fileEncoding = 4; lastKnownFileType = sourcecode.swift; path = Config.swift; sourceTree = "<group>"; };
		4DE97DF11C7AFF1D00393489 /* .gitkeep */ = {isa = PBXFileReference; fileEncoding = 4; lastKnownFileType = text; path = .gitkeep; sourceTree = "<group>"; };
		4DE97DFB1C7AFF1D00393489 /* Base */ = {isa = PBXFileReference; lastKnownFileType = file.storyboard; name = Base; path = Base.lproj/LaunchScreen.storyboard; sourceTree = "<group>"; };
		4DE97DFD1C7AFF1D00393489 /* Base */ = {isa = PBXFileReference; lastKnownFileType = file.storyboard; name = Base; path = Base.lproj/Main.storyboard; sourceTree = "<group>"; };
		4DE97E021C7AFF1D00393489 /* ViewController.swift */ = {isa = PBXFileReference; fileEncoding = 4; lastKnownFileType = sourcecode.swift; path = ViewController.swift; sourceTree = "<group>"; };
		4DE97E041C7AFF1D00393489 /* .gitkeep */ = {isa = PBXFileReference; fileEncoding = 4; lastKnownFileType = text; path = .gitkeep; sourceTree = "<group>"; };
		4DE97E061C7AFF1D00393489 /* .gitkeep */ = {isa = PBXFileReference; fileEncoding = 4; lastKnownFileType = text; path = .gitkeep; sourceTree = "<group>"; };
		4DE97E091C7AFF1D00393489 /* Info.plist */ = {isa = PBXFileReference; fileEncoding = 4; lastKnownFileType = text.plist.xml; path = Info.plist; sourceTree = "<group>"; };
		4DE97E1E1C7AFF5100393489 /* Cartfile */ = {isa = PBXFileReference; lastKnownFileType = text; path = Cartfile; sourceTree = "<group>"; };
		4DE97E1F1C7B00F000393489 /* Environment.swift */ = {isa = PBXFileReference; fileEncoding = 4; lastKnownFileType = sourcecode.swift; path = Environment.swift; sourceTree = "<group>"; };
		4DE97E221C7B038F00393489 /* .gitkeep */ = {isa = PBXFileReference; fileEncoding = 4; lastKnownFileType = text; path = .gitkeep; sourceTree = "<group>"; };
		4DE97E281C7B04B200393489 /* Storyboard.swift */ = {isa = PBXFileReference; fileEncoding = 4; lastKnownFileType = sourcecode.swift; path = Storyboard.swift; sourceTree = "<group>"; };
		4DE97E2A1C7B069600393489 /* MoyaLogger.swift */ = {isa = PBXFileReference; fileEncoding = 4; lastKnownFileType = sourcecode.swift; path = MoyaLogger.swift; sourceTree = "<group>"; };
		4DE97E421C7B223A00393489 /* API.swift */ = {isa = PBXFileReference; fileEncoding = 4; lastKnownFileType = sourcecode.swift; path = API.swift; sourceTree = "<group>"; };
		4DE97E441C7B22CA00393489 /* APIClient.swift */ = {isa = PBXFileReference; fileEncoding = 4; lastKnownFileType = sourcecode.swift; path = APIClient.swift; sourceTree = "<group>"; };
		4DE97E471C7B231D00393489 /* test.json */ = {isa = PBXFileReference; fileEncoding = 4; lastKnownFileType = text.json; path = test.json; sourceTree = "<group>"; };
		BC6A83781EDEF59500F16019 /* Credentials.swift */ = {isa = PBXFileReference; fileEncoding = 4; lastKnownFileType = sourcecode.swift; path = Credentials.swift; sourceTree = "<group>"; };
		BC6A837A1EDEF75A00F16019 /* Alamofire.framework */ = {isa = PBXFileReference; lastKnownFileType = wrapper.framework; name = Alamofire.framework; path = Carthage/Build/iOS/Alamofire.framework; sourceTree = "<group>"; };
		BC6A837B1EDEF75A00F16019 /* DataSource.framework */ = {isa = PBXFileReference; lastKnownFileType = wrapper.framework; name = DataSource.framework; path = Carthage/Build/iOS/DataSource.framework; sourceTree = "<group>"; };
		BC6A837C1EDEF75A00F16019 /* KeychainAccess.framework */ = {isa = PBXFileReference; lastKnownFileType = wrapper.framework; name = KeychainAccess.framework; path = Carthage/Build/iOS/KeychainAccess.framework; sourceTree = "<group>"; };
		BC6A837D1EDEF75A00F16019 /* Mapper.framework */ = {isa = PBXFileReference; lastKnownFileType = wrapper.framework; name = Mapper.framework; path = Carthage/Build/iOS/Mapper.framework; sourceTree = "<group>"; };
		BC6A837E1EDEF75A00F16019 /* Moya.framework */ = {isa = PBXFileReference; lastKnownFileType = wrapper.framework; name = Moya.framework; path = Carthage/Build/iOS/Moya.framework; sourceTree = "<group>"; };
		BC6A837F1EDEF75A00F16019 /* ReactiveCocoa.framework */ = {isa = PBXFileReference; lastKnownFileType = wrapper.framework; name = ReactiveCocoa.framework; path = Carthage/Build/iOS/ReactiveCocoa.framework; sourceTree = "<group>"; };
		BC6A83801EDEF75A00F16019 /* ReactiveMapper.framework */ = {isa = PBXFileReference; lastKnownFileType = wrapper.framework; name = ReactiveMapper.framework; path = Carthage/Build/iOS/ReactiveMapper.framework; sourceTree = "<group>"; };
		BC6A83811EDEF75A00F16019 /* ReactiveMoya.framework */ = {isa = PBXFileReference; lastKnownFileType = wrapper.framework; name = ReactiveMoya.framework; path = Carthage/Build/iOS/ReactiveMoya.framework; sourceTree = "<group>"; };
		BC6A83821EDEF75A00F16019 /* ReactiveSwift.framework */ = {isa = PBXFileReference; lastKnownFileType = wrapper.framework; name = ReactiveSwift.framework; path = Carthage/Build/iOS/ReactiveSwift.framework; sourceTree = "<group>"; };
		BC6A83831EDEF75A00F16019 /* Result.framework */ = {isa = PBXFileReference; lastKnownFileType = wrapper.framework; name = Result.framework; path = Carthage/Build/iOS/Result.framework; sourceTree = "<group>"; };
		BC6A83841EDEF75A00F16019 /* SimpleButton.framework */ = {isa = PBXFileReference; lastKnownFileType = wrapper.framework; name = SimpleButton.framework; path = Carthage/Build/iOS/SimpleButton.framework; sourceTree = "<group>"; };
		BC6A83851EDEF75A00F16019 /* StatefulViewController.framework */ = {isa = PBXFileReference; lastKnownFileType = wrapper.framework; name = StatefulViewController.framework; path = Carthage/Build/iOS/StatefulViewController.framework; sourceTree = "<group>"; };
		BC6A83921EDEF87D00F16019 /* APIError.swift */ = {isa = PBXFileReference; fileEncoding = 4; lastKnownFileType = sourcecode.swift; path = APIError.swift; sourceTree = "<group>"; };
		BC6A839D1EDFF9EF00F16019 /* Strings.swift */ = {isa = PBXFileReference; fileEncoding = 4; lastKnownFileType = sourcecode.swift; path = Strings.swift; sourceTree = "<group>"; };
		BC6A83A11EDFFB8900F16019 /* .gitkeep */ = {isa = PBXFileReference; fileEncoding = 4; lastKnownFileType = text; path = .gitkeep; sourceTree = "<group>"; };
/* End PBXFileReference section */

/* Begin PBXFrameworksBuildPhase section */
		4DE97DB41C7AFE3800393489 /* Frameworks */ = {
			isa = PBXFrameworksBuildPhase;
			buildActionMask = 2147483647;
			files = (
				BC6A83881EDEF75A00F16019 /* KeychainAccess.framework in Frameworks */,
				BC6A83901EDEF75A00F16019 /* SimpleButton.framework in Frameworks */,
				BC6A838B1EDEF75A00F16019 /* ReactiveCocoa.framework in Frameworks */,
				BC6A838A1EDEF75A00F16019 /* Moya.framework in Frameworks */,
				BC6A838D1EDEF75A00F16019 /* ReactiveMoya.framework in Frameworks */,
				BC6A83891EDEF75A00F16019 /* Mapper.framework in Frameworks */,
				4C58CC4B1F0B727000724E7E /* Diff.framework in Frameworks */,
				BC6A83911EDEF75A00F16019 /* StatefulViewController.framework in Frameworks */,
				BC6A838E1EDEF75A00F16019 /* ReactiveSwift.framework in Frameworks */,
				BC6A83861EDEF75A00F16019 /* Alamofire.framework in Frameworks */,
				BC6A838F1EDEF75A00F16019 /* Result.framework in Frameworks */,
				BC6A838C1EDEF75A00F16019 /* ReactiveMapper.framework in Frameworks */,
				BC6A83A31EDFFC2C00F16019 /* DataSource.framework in Frameworks */,
			);
			runOnlyForDeploymentPostprocessing = 0;
		};
/* End PBXFrameworksBuildPhase section */

/* Begin PBXGroup section */
		4DE97DAE1C7AFE3800393489 = {
			isa = PBXGroup;
			children = (
				39B96DA71F0B7A2300B8F3DF /* .gitignore */,
				39B96DA51F0B7A1B00B8F3DF /* .swiftlint.yml */,
				4DE97E1E1C7AFF5100393489 /* Cartfile */,
				4DE97DB91C7AFE3800393489 /* Example */,
				4DE97E401C7B0E2C00393489 /* Carthage */,
				4DE97DB81C7AFE3800393489 /* Products */,
			);
			sourceTree = "<group>";
		};
		4DE97DB81C7AFE3800393489 /* Products */ = {
			isa = PBXGroup;
			children = (
				4DE97DB71C7AFE3800393489 /* Example.app */,
			);
			name = Products;
			sourceTree = "<group>";
		};
		4DE97DB91C7AFE3800393489 /* Example */ = {
			isa = PBXGroup;
			children = (
				4DE97DE81C7AFF1D00393489 /* Assets */,
				4DE97DEB1C7AFF1D00393489 /* Code */,
				4DE97E071C7AFF1D00393489 /* SupportingFiles */,
			);
			path = Example;
			sourceTree = "<group>";
		};
		4DE97DE81C7AFF1D00393489 /* Assets */ = {
			isa = PBXGroup;
			children = (
				4DE97DEA1C7AFF1D00393489 /* Assets.xcassets */,
			);
			path = Assets;
			sourceTree = "<group>";
		};
		4DE97DEB1C7AFF1D00393489 /* Code */ = {
			isa = PBXGroup;
			children = (
				4DE97DED1C7AFF1D00393489 /* AppDelegate.swift */,
				4DE97DEE1C7AFF1D00393489 /* Appearance.swift */,
				4DE97DEF1C7AFF1D00393489 /* Config.swift */,
				4DE97E1F1C7B00F000393489 /* Environment.swift */,
				BC6A839D1EDFF9EF00F16019 /* Strings.swift */,
				4DE97E211C7B038F00393489 /* Controllers */,
				4DE97DF01C7AFF1D00393489 /* Extensions */,
				4DE97DF21C7AFF1D00393489 /* Models */,
				4DE97DF41C7AFF1D00393489 /* Networking */,
				4DE97DF81C7AFF1D00393489 /* Storyboards */,
				4DE97DFE1C7AFF1D00393489 /* Utilities */,
				4DE97E001C7AFF1D00393489 /* ViewControllers */,
				4DE97E031C7AFF1D00393489 /* ViewModels */,
				4DE97E051C7AFF1D00393489 /* Views */,
			);
			path = Code;
			sourceTree = "<group>";
		};
		4DE97DF01C7AFF1D00393489 /* Extensions */ = {
			isa = PBXGroup;
			children = (
				4DE97DF11C7AFF1D00393489 /* .gitkeep */,
			);
			path = Extensions;
			sourceTree = "<group>";
		};
		4DE97DF21C7AFF1D00393489 /* Models */ = {
			isa = PBXGroup;
			children = (
				BC6A83781EDEF59500F16019 /* Credentials.swift */,
			);
			path = Models;
			sourceTree = "<group>";
		};
		4DE97DF41C7AFF1D00393489 /* Networking */ = {
			isa = PBXGroup;
			children = (
				4DE97E421C7B223A00393489 /* API.swift */,
				4DE97E441C7B22CA00393489 /* APIClient.swift */,
				BC6A83921EDEF87D00F16019 /* APIError.swift */,
				4DE97E2A1C7B069600393489 /* MoyaLogger.swift */,
				4DE97E461C7B231D00393489 /* StubData */,
			);
			path = Networking;
			sourceTree = "<group>";
		};
		4DE97DF81C7AFF1D00393489 /* Storyboards */ = {
			isa = PBXGroup;
			children = (
				4DE97E281C7B04B200393489 /* Storyboard.swift */,
				4DE97DFA1C7AFF1D00393489 /* LaunchScreen.storyboard */,
				4DE97DFC1C7AFF1D00393489 /* Main.storyboard */,
			);
			path = Storyboards;
			sourceTree = "<group>";
		};
		4DE97DFE1C7AFF1D00393489 /* Utilities */ = {
			isa = PBXGroup;
			children = (
				BC6A83A11EDFFB8900F16019 /* .gitkeep */,
			);
			path = Utilities;
			sourceTree = "<group>";
		};
		4DE97E001C7AFF1D00393489 /* ViewControllers */ = {
			isa = PBXGroup;
			children = (
				4DE97E021C7AFF1D00393489 /* ViewController.swift */,
			);
			path = ViewControllers;
			sourceTree = "<group>";
		};
		4DE97E031C7AFF1D00393489 /* ViewModels */ = {
			isa = PBXGroup;
			children = (
				4DE97E041C7AFF1D00393489 /* .gitkeep */,
			);
			path = ViewModels;
			sourceTree = "<group>";
		};
		4DE97E051C7AFF1D00393489 /* Views */ = {
			isa = PBXGroup;
			children = (
				4DE97E061C7AFF1D00393489 /* .gitkeep */,
			);
			path = Views;
			sourceTree = "<group>";
		};
		4DE97E071C7AFF1D00393489 /* SupportingFiles */ = {
			isa = PBXGroup;
			children = (
				4DE97E091C7AFF1D00393489 /* Info.plist */,
			);
			path = SupportingFiles;
			sourceTree = "<group>";
		};
		4DE97E211C7B038F00393489 /* Controllers */ = {
			isa = PBXGroup;
			children = (
				4DE97E221C7B038F00393489 /* .gitkeep */,
			);
			path = Controllers;
			sourceTree = "<group>";
		};
		4DE97E401C7B0E2C00393489 /* Carthage */ = {
			isa = PBXGroup;
			children = (
				4C58CC4A1F0B727000724E7E /* Diff.framework */,
				BC6A837A1EDEF75A00F16019 /* Alamofire.framework */,
				BC6A837B1EDEF75A00F16019 /* DataSource.framework */,
				BC6A837C1EDEF75A00F16019 /* KeychainAccess.framework */,
				BC6A837D1EDEF75A00F16019 /* Mapper.framework */,
				BC6A837E1EDEF75A00F16019 /* Moya.framework */,
				BC6A837F1EDEF75A00F16019 /* ReactiveCocoa.framework */,
				BC6A83801EDEF75A00F16019 /* ReactiveMapper.framework */,
				BC6A83811EDEF75A00F16019 /* ReactiveMoya.framework */,
				BC6A83821EDEF75A00F16019 /* ReactiveSwift.framework */,
				BC6A83831EDEF75A00F16019 /* Result.framework */,
				BC6A83841EDEF75A00F16019 /* SimpleButton.framework */,
				BC6A83851EDEF75A00F16019 /* StatefulViewController.framework */,
			);
			name = Carthage;
			sourceTree = "<group>";
		};
		4DE97E461C7B231D00393489 /* StubData */ = {
			isa = PBXGroup;
			children = (
				4DE97E471C7B231D00393489 /* test.json */,
			);
			path = StubData;
			sourceTree = "<group>";
		};
/* End PBXGroup section */

/* Begin PBXNativeTarget section */
		4DE97DB61C7AFE3800393489 /* Example */ = {
			isa = PBXNativeTarget;
			buildConfigurationList = 4DE97DDF1C7AFE3800393489 /* Build configuration list for PBXNativeTarget "Example" */;
			buildPhases = (
				4DE97DB31C7AFE3800393489 /* Sources */,
				4DE97DB41C7AFE3800393489 /* Frameworks */,
				4DE97DB51C7AFE3800393489 /* Resources */,
				4DE97E411C7B0E4D00393489 /* Carthage */,
				39B96DA91F0B839300B8F3DF /* SwiftLint */,
			);
			buildRules = (
			);
			dependencies = (
			);
			name = Example;
			productName = Example;
			productReference = 4DE97DB71C7AFE3800393489 /* Example.app */;
			productType = "com.apple.product-type.application";
		};
/* End PBXNativeTarget section */

/* Begin PBXProject section */
		4DE97DAF1C7AFE3800393489 /* Project object */ = {
			isa = PBXProject;
			attributes = {
				LastSwiftUpdateCheck = 0720;
				LastUpgradeCheck = 0830;
				ORGANIZATIONNAME = "aaa - all about apps GmbH";
				TargetAttributes = {
					4DE97DB61C7AFE3800393489 = {
						CreatedOnToolsVersion = 7.2.1;
						DevelopmentTeam = M8F9QH57A6;
						LastSwiftMigration = 0830;
					};
				};
			};
			buildConfigurationList = 4DE97DB21C7AFE3800393489 /* Build configuration list for PBXProject "Example" */;
			compatibilityVersion = "Xcode 3.2";
			developmentRegion = English;
			hasScannedForEncodings = 0;
			knownRegions = (
				en,
				Base,
			);
			mainGroup = 4DE97DAE1C7AFE3800393489;
			productRefGroup = 4DE97DB81C7AFE3800393489 /* Products */;
			projectDirPath = "";
			projectRoot = "";
			targets = (
				4DE97DB61C7AFE3800393489 /* Example */,
			);
		};
/* End PBXProject section */

/* Begin PBXResourcesBuildPhase section */
		4DE97DB51C7AFE3800393489 /* Resources */ = {
			isa = PBXResourcesBuildPhase;
			buildActionMask = 2147483647;
			files = (
				39B96DA61F0B7A1B00B8F3DF /* .swiftlint.yml in Resources */,
				4DE97E151C7AFF1D00393489 /* LaunchScreen.storyboard in Resources */,
				4DE97E161C7AFF1D00393489 /* Main.storyboard in Resources */,
				4DE97E481C7B231D00393489 /* test.json in Resources */,
				39B96DA81F0B7A2300B8F3DF /* .gitignore in Resources */,
				4DE97E0B1C7AFF1D00393489 /* Assets.xcassets in Resources */,
			);
			runOnlyForDeploymentPostprocessing = 0;
		};
/* End PBXResourcesBuildPhase section */

/* Begin PBXShellScriptBuildPhase section */
		39B96DA91F0B839300B8F3DF /* SwiftLint */ = {
			isa = PBXShellScriptBuildPhase;
			buildActionMask = 2147483647;
			files = (
			);
			inputPaths = (
			);
			name = SwiftLint;
			outputPaths = (
			);
			runOnlyForDeploymentPostprocessing = 0;
			shellPath = /bin/sh;
			shellScript = "if which swiftlint >/dev/null; then\n    swiftlint\nelse\n    echo \"warning: SwiftLint not installed, download from https://github.com/realm/SwiftLint\"\nfi";
		};
		4DE97E411C7B0E4D00393489 /* Carthage */ = {
			isa = PBXShellScriptBuildPhase;
			buildActionMask = 2147483647;
			files = (
			);
			inputPaths = (
				"$(SRCROOT)/Carthage/Build/iOS/Alamofire.framework",
				"$(SRCROOT)/Carthage/Build/iOS/DataSource.framework",
				"$(SRCROOT)/Carthage/Build/iOS/KeychainAccess.framework",
				"$(SRCROOT)/Carthage/Build/iOS/Mapper.framework",
				"$(SRCROOT)/Carthage/Build/iOS/Moya.framework",
				"$(SRCROOT)/Carthage/Build/iOS/ReactiveCocoa.framework",
				"$(SRCROOT)/Carthage/Build/iOS/ReactiveMapper.framework",
				"$(SRCROOT)/Carthage/Build/iOS/ReactiveMoya.framework",
				"$(SRCROOT)/Carthage/Build/iOS/ReactiveSwift.framework",
				"$(SRCROOT)/Carthage/Build/iOS/Result.framework",
				"$(SRCROOT)/Carthage/Build/iOS/SimpleButton.framework",
				"$(SRCROOT)/Carthage/Build/iOS/StatefulViewController.framework",
				"$(SRCROOT)/Carthage/Build/iOS/Diff.framework",
			);
			name = Carthage;
			outputPaths = (
			);
			runOnlyForDeploymentPostprocessing = 0;
			shellPath = /bin/sh;
			shellScript = "/usr/local/bin/carthage copy-frameworks";
		};
/* End PBXShellScriptBuildPhase section */

/* Begin PBXSourcesBuildPhase section */
		4DE97DB31C7AFE3800393489 /* Sources */ = {
			isa = PBXSourcesBuildPhase;
			buildActionMask = 2147483647;
			files = (
				4DE97E0D1C7AFF1D00393489 /* AppDelegate.swift in Sources */,
				4DE97E0E1C7AFF1D00393489 /* Appearance.swift in Sources */,
				BC6A83791EDEF59500F16019 /* Credentials.swift in Sources */,
				4DE97E191C7AFF1D00393489 /* ViewController.swift in Sources */,
				4DE97E2B1C7B069600393489 /* MoyaLogger.swift in Sources */,
				4DE97E0F1C7AFF1D00393489 /* Config.swift in Sources */,
				4DE97E291C7B04B200393489 /* Storyboard.swift in Sources */,
				4DE97E431C7B223A00393489 /* API.swift in Sources */,
				4DE97E201C7B00F000393489 /* Environment.swift in Sources */,
				4DE97E451C7B22CA00393489 /* APIClient.swift in Sources */,
				BC6A839E1EDFF9EF00F16019 /* Strings.swift in Sources */,
				BC6A83931EDEF87D00F16019 /* APIError.swift in Sources */,
			);
			runOnlyForDeploymentPostprocessing = 0;
		};
/* End PBXSourcesBuildPhase section */

/* Begin PBXVariantGroup section */
		4DE97DFA1C7AFF1D00393489 /* LaunchScreen.storyboard */ = {
			isa = PBXVariantGroup;
			children = (
				4DE97DFB1C7AFF1D00393489 /* Base */,
			);
			name = LaunchScreen.storyboard;
			sourceTree = "<group>";
		};
		4DE97DFC1C7AFF1D00393489 /* Main.storyboard */ = {
			isa = PBXVariantGroup;
			children = (
				4DE97DFD1C7AFF1D00393489 /* Base */,
			);
			name = Main.storyboard;
			sourceTree = "<group>";
		};
/* End PBXVariantGroup section */

/* Begin XCBuildConfiguration section */
		4DE97DDD1C7AFE3800393489 /* Debug */ = {
			isa = XCBuildConfiguration;
			buildSettings = {
				ALWAYS_SEARCH_USER_PATHS = NO;
				CLANG_CXX_LANGUAGE_STANDARD = "gnu++0x";
				CLANG_CXX_LIBRARY = "libc++";
				CLANG_ENABLE_MODULES = YES;
				CLANG_ENABLE_OBJC_ARC = YES;
				CLANG_WARN_BOOL_CONVERSION = YES;
				CLANG_WARN_CONSTANT_CONVERSION = YES;
				CLANG_WARN_DIRECT_OBJC_ISA_USAGE = YES_ERROR;
				CLANG_WARN_EMPTY_BODY = YES;
				CLANG_WARN_ENUM_CONVERSION = YES;
				CLANG_WARN_INFINITE_RECURSION = YES;
				CLANG_WARN_INT_CONVERSION = YES;
				CLANG_WARN_OBJC_ROOT_CLASS = YES_ERROR;
				CLANG_WARN_SUSPICIOUS_MOVE = YES;
				CLANG_WARN_UNREACHABLE_CODE = YES;
				CLANG_WARN__DUPLICATE_METHOD_MATCH = YES;
				"CODE_SIGN_IDENTITY[sdk=iphoneos*]" = "iPhone Developer";
				COPY_PHASE_STRIP = NO;
				DEBUG_INFORMATION_FORMAT = dwarf;
				ENABLE_STRICT_OBJC_MSGSEND = YES;
				ENABLE_TESTABILITY = YES;
				GCC_C_LANGUAGE_STANDARD = gnu99;
				GCC_DYNAMIC_NO_PIC = NO;
				GCC_NO_COMMON_BLOCKS = YES;
				GCC_OPTIMIZATION_LEVEL = 0;
				GCC_PREPROCESSOR_DEFINITIONS = (
					"DEBUG=1",
					"$(inherited)",
				);
				GCC_WARN_64_TO_32_BIT_CONVERSION = YES;
				GCC_WARN_ABOUT_RETURN_TYPE = YES_ERROR;
				GCC_WARN_UNDECLARED_SELECTOR = YES;
				GCC_WARN_UNINITIALIZED_AUTOS = YES_AGGRESSIVE;
				GCC_WARN_UNUSED_FUNCTION = YES;
				GCC_WARN_UNUSED_VARIABLE = YES;
				IPHONEOS_DEPLOYMENT_TARGET = 9.2;
				MTL_ENABLE_DEBUG_INFO = YES;
				ONLY_ACTIVE_ARCH = YES;
				SDKROOT = iphoneos;
				SWIFT_OPTIMIZATION_LEVEL = "-Onone";
			};
			name = Debug;
		};
		4DE97DDE1C7AFE3800393489 /* Release */ = {
			isa = XCBuildConfiguration;
			buildSettings = {
				ALWAYS_SEARCH_USER_PATHS = NO;
				CLANG_CXX_LANGUAGE_STANDARD = "gnu++0x";
				CLANG_CXX_LIBRARY = "libc++";
				CLANG_ENABLE_MODULES = YES;
				CLANG_ENABLE_OBJC_ARC = YES;
				CLANG_WARN_BOOL_CONVERSION = YES;
				CLANG_WARN_CONSTANT_CONVERSION = YES;
				CLANG_WARN_DIRECT_OBJC_ISA_USAGE = YES_ERROR;
				CLANG_WARN_EMPTY_BODY = YES;
				CLANG_WARN_ENUM_CONVERSION = YES;
				CLANG_WARN_INFINITE_RECURSION = YES;
				CLANG_WARN_INT_CONVERSION = YES;
				CLANG_WARN_OBJC_ROOT_CLASS = YES_ERROR;
				CLANG_WARN_SUSPICIOUS_MOVE = YES;
				CLANG_WARN_UNREACHABLE_CODE = YES;
				CLANG_WARN__DUPLICATE_METHOD_MATCH = YES;
				"CODE_SIGN_IDENTITY[sdk=iphoneos*]" = "iPhone Developer";
				COPY_PHASE_STRIP = NO;
				DEBUG_INFORMATION_FORMAT = "dwarf-with-dsym";
				ENABLE_NS_ASSERTIONS = NO;
				ENABLE_STRICT_OBJC_MSGSEND = YES;
				GCC_C_LANGUAGE_STANDARD = gnu99;
				GCC_NO_COMMON_BLOCKS = YES;
				GCC_WARN_64_TO_32_BIT_CONVERSION = YES;
				GCC_WARN_ABOUT_RETURN_TYPE = YES_ERROR;
				GCC_WARN_UNDECLARED_SELECTOR = YES;
				GCC_WARN_UNINITIALIZED_AUTOS = YES_AGGRESSIVE;
				GCC_WARN_UNUSED_FUNCTION = YES;
				GCC_WARN_UNUSED_VARIABLE = YES;
				IPHONEOS_DEPLOYMENT_TARGET = 9.2;
				MTL_ENABLE_DEBUG_INFO = NO;
				SDKROOT = iphoneos;
				SWIFT_OPTIMIZATION_LEVEL = "-Owholemodule";
				VALIDATE_PRODUCT = YES;
			};
			name = Release;
		};
		4DE97DE01C7AFE3800393489 /* Debug */ = {
			isa = XCBuildConfiguration;
			buildSettings = {
				ASSETCATALOG_COMPILER_APPICON_NAME = AppIcon;
				DEVELOPMENT_TEAM = M8F9QH57A6;
				FRAMEWORK_SEARCH_PATHS = (
					"$(inherited)",
					"$(PROJECT_DIR)/Carthage/Build/iOS",
				);
				INFOPLIST_FILE = Example/SupportingFiles/Info.plist;
				LD_RUNPATH_SEARCH_PATHS = "$(inherited) @executable_path/Frameworks";
				PRODUCT_BUNDLE_IDENTIFIER = at.allaboutapps.Example;
				PRODUCT_NAME = "$(TARGET_NAME)";
				SWIFT_VERSION = 3.0;
			};
			name = Debug;
		};
		4DE97DE11C7AFE3800393489 /* Release */ = {
			isa = XCBuildConfiguration;
			buildSettings = {
				ASSETCATALOG_COMPILER_APPICON_NAME = AppIcon;
				DEVELOPMENT_TEAM = M8F9QH57A6;
				FRAMEWORK_SEARCH_PATHS = (
					"$(inherited)",
					"$(PROJECT_DIR)/Carthage/Build/iOS",
				);
				INFOPLIST_FILE = Example/SupportingFiles/Info.plist;
				LD_RUNPATH_SEARCH_PATHS = "$(inherited) @executable_path/Frameworks";
				PRODUCT_BUNDLE_IDENTIFIER = at.allaboutapps.Example;
				PRODUCT_NAME = "$(TARGET_NAME)";
				SWIFT_VERSION = 3.0;
			};
			name = Release;
		};
/* End XCBuildConfiguration section */

/* Begin XCConfigurationList section */
		4DE97DB21C7AFE3800393489 /* Build configuration list for PBXProject "Example" */ = {
			isa = XCConfigurationList;
			buildConfigurations = (
				4DE97DDD1C7AFE3800393489 /* Debug */,
				4DE97DDE1C7AFE3800393489 /* Release */,
			);
			defaultConfigurationIsVisible = 0;
			defaultConfigurationName = Release;
		};
		4DE97DDF1C7AFE3800393489 /* Build configuration list for PBXNativeTarget "Example" */ = {
			isa = XCConfigurationList;
			buildConfigurations = (
				4DE97DE01C7AFE3800393489 /* Debug */,
				4DE97DE11C7AFE3800393489 /* Release */,
			);
			defaultConfigurationIsVisible = 0;
			defaultConfigurationName = Release;
		};
/* End XCConfigurationList section */
	};
	rootObject = 4DE97DAF1C7AFE3800393489 /* Project object */;
}
