// !$*UTF8*$!
{
	archiveVersion = 1;
	classes = {
	};
	objectVersion = 46;
	objects = {

/* Begin PBXBuildFile section */
		3904A09D210F174000689265 /* GoogleToolboxForMac.framework in Frameworks */ = {isa = PBXBuildFile; fileRef = 3904A093210F173E00689265 /* GoogleToolboxForMac.framework */; };
		3904A09E210F174000689265 /* FirebaseNanoPB.framework in Frameworks */ = {isa = PBXBuildFile; fileRef = 3904A094210F173E00689265 /* FirebaseNanoPB.framework */; };
		3904A0A0210F174000689265 /* Crashlytics.framework in Frameworks */ = {isa = PBXBuildFile; fileRef = 3904A096210F173E00689265 /* Crashlytics.framework */; };
		3904A0A1210F174000689265 /* FirebaseAnalytics.framework in Frameworks */ = {isa = PBXBuildFile; fileRef = 3904A097210F173E00689265 /* FirebaseAnalytics.framework */; };
		3904A0A2210F174000689265 /* FirebaseCore.framework in Frameworks */ = {isa = PBXBuildFile; fileRef = 3904A098210F173F00689265 /* FirebaseCore.framework */; };
		3904A0A3210F174000689265 /* FirebaseInstanceID.framework in Frameworks */ = {isa = PBXBuildFile; fileRef = 3904A099210F173F00689265 /* FirebaseInstanceID.framework */; };
		3904A0A4210F174000689265 /* Fabric.framework in Frameworks */ = {isa = PBXBuildFile; fileRef = 3904A09A210F173F00689265 /* Fabric.framework */; };
		3904A0A5210F174000689265 /* nanopb.framework in Frameworks */ = {isa = PBXBuildFile; fileRef = 3904A09B210F173F00689265 /* nanopb.framework */; };
		3904A0A6210F174000689265 /* FirebaseCoreDiagnostics.framework in Frameworks */ = {isa = PBXBuildFile; fileRef = 3904A09C210F173F00689265 /* FirebaseCoreDiagnostics.framework */; };
		3904A0B6210F1CB600689265 /* GoogleService-Info.plist in Resources */ = {isa = PBXBuildFile; fileRef = 3904A0B5210F1CB600689265 /* GoogleService-Info.plist */; };
		3904A0B7210F1CB600689265 /* GoogleService-Info.plist in Resources */ = {isa = PBXBuildFile; fileRef = 3904A0B5210F1CB600689265 /* GoogleService-Info.plist */; };
		3904A0C3210F212D00689265 /* libc++.tbd in Frameworks */ = {isa = PBXBuildFile; fileRef = 3904A0BA210F202600689265 /* libc++.tbd */; };
		3904A0C4210F213200689265 /* libsqlite3.tbd in Frameworks */ = {isa = PBXBuildFile; fileRef = 3904A0B8210F201F00689265 /* libsqlite3.tbd */; };
		3904A0C5210F213900689265 /* libicucore.tbd in Frameworks */ = {isa = PBXBuildFile; fileRef = 3904A0BC210F204000689265 /* libicucore.tbd */; };
		3904A0C6210F213D00689265 /* StoreKit.framework in Frameworks */ = {isa = PBXBuildFile; fileRef = 3904A0BE210F207700689265 /* StoreKit.framework */; };
		3904A0C7210F214B00689265 /* SystemConfiguration.framework in Frameworks */ = {isa = PBXBuildFile; fileRef = 3904A0C0210F209B00689265 /* SystemConfiguration.framework */; };
		3904A0C9210F628400689265 /* UIWindow+TopViewController.swift in Sources */ = {isa = PBXBuildFile; fileRef = 3904A0C8210F628400689265 /* UIWindow+TopViewController.swift */; };
		3908FAEE210CD30D00A2D2A2 /* ExampleKit.h in Headers */ = {isa = PBXBuildFile; fileRef = 3908FADE210CD30D00A2D2A2 /* ExampleKit.h */; settings = {ATTRIBUTES = (Public, ); }; };
		3908FAF1210CD30D00A2D2A2 /* ExampleKit.framework in Frameworks */ = {isa = PBXBuildFile; fileRef = 3908FADC210CD30D00A2D2A2 /* ExampleKit.framework */; };
		3908FAF2210CD30D00A2D2A2 /* ExampleKit.framework in Embed Frameworks */ = {isa = PBXBuildFile; fileRef = 3908FADC210CD30D00A2D2A2 /* ExampleKit.framework */; settings = {ATTRIBUTES = (CodeSignOnCopy, RemoveHeadersOnCopy, ); }; };
		3908FAFD210CD3EF00A2D2A2 /* Alamofire.framework in Frameworks */ = {isa = PBXBuildFile; fileRef = BCA896EC1F5D8A5E0099B3D1 /* Alamofire.framework */; };
		3908FAFE210CD3EF00A2D2A2 /* KeychainAccess.framework in Frameworks */ = {isa = PBXBuildFile; fileRef = BCA896E41F5D8A5D0099B3D1 /* KeychainAccess.framework */; };
		3908FAFF210CD3EF00A2D2A2 /* Moya.framework in Frameworks */ = {isa = PBXBuildFile; fileRef = BCA896E51F5D8A5D0099B3D1 /* Moya.framework */; };
		3908FB01210CD3EF00A2D2A2 /* ReactiveMoya.framework in Frameworks */ = {isa = PBXBuildFile; fileRef = BCA896E81F5D8A5D0099B3D1 /* ReactiveMoya.framework */; };
		3908FB02210CD3EF00A2D2A2 /* ReactiveSwift.framework in Frameworks */ = {isa = PBXBuildFile; fileRef = BCA896EA1F5D8A5D0099B3D1 /* ReactiveSwift.framework */; };
		3908FB03210CD3EF00A2D2A2 /* Result.framework in Frameworks */ = {isa = PBXBuildFile; fileRef = BCA896E91F5D8A5D0099B3D1 /* Result.framework */; };
		3908FB05210CD4A800A2D2A2 /* AlamofireImage.framework in Frameworks */ = {isa = PBXBuildFile; fileRef = 3908FB04210CD4A800A2D2A2 /* AlamofireImage.framework */; };
		3908FB06210CD52800A2D2A2 /* API.swift in Sources */ = {isa = PBXBuildFile; fileRef = 4DE97E421C7B223A00393489 /* API.swift */; };
		3908FB07210CD52800A2D2A2 /* APIClient.swift in Sources */ = {isa = PBXBuildFile; fileRef = 4DE97E441C7B22CA00393489 /* APIClient.swift */; };
		3908FB08210CD52800A2D2A2 /* APIError.swift in Sources */ = {isa = PBXBuildFile; fileRef = BC6A83921EDEF87D00F16019 /* APIError.swift */; };
		3908FB09210CD52800A2D2A2 /* MoyaLogger.swift in Sources */ = {isa = PBXBuildFile; fileRef = 4DE97E2A1C7B069600393489 /* MoyaLogger.swift */; };
		3908FB0A210CD52800A2D2A2 /* test.json in Resources */ = {isa = PBXBuildFile; fileRef = 4DE97E471C7B231D00393489 /* test.json */; };
		3908FB0B210CD52C00A2D2A2 /* Decoders.swift in Sources */ = {isa = PBXBuildFile; fileRef = BCA896E01F5D8A210099B3D1 /* Decoders.swift */; };
		3908FB0C210CD52C00A2D2A2 /* Formatters.swift in Sources */ = {isa = PBXBuildFile; fileRef = BCA896DF1F5D8A210099B3D1 /* Formatters.swift */; };
		3908FB0D210CD54F00A2D2A2 /* Environment.swift in Sources */ = {isa = PBXBuildFile; fileRef = 4DE97E1F1C7B00F000393489 /* Environment.swift */; };
		3908FB0E210CD55400A2D2A2 /* Config.swift in Sources */ = {isa = PBXBuildFile; fileRef = 4DE97DEF1C7AFF1D00393489 /* Config.swift */; };
		3908FB12210CD57100A2D2A2 /* Credentials.swift in Sources */ = {isa = PBXBuildFile; fileRef = 3908FB11210CD56E00A2D2A2 /* Credentials.swift */; };
		3908FB16210CD5A100A2D2A2 /* Strings.swift in Sources */ = {isa = PBXBuildFile; fileRef = BC6A839D1EDFF9EF00F16019 /* Strings.swift */; };
		3908FB19210CD6F200A2D2A2 /* AppCoordinator.swift in Sources */ = {isa = PBXBuildFile; fileRef = 3908FB18210CD6F200A2D2A2 /* AppCoordinator.swift */; };
		3908FB1D210CD9BC00A2D2A2 /* MainCoordinator.swift in Sources */ = {isa = PBXBuildFile; fileRef = 3908FB1C210CD9BC00A2D2A2 /* MainCoordinator.swift */; };
		3908FB21210D169F00A2D2A2 /* LoginViewController.swift in Sources */ = {isa = PBXBuildFile; fileRef = 3908FB20210D169F00A2D2A2 /* LoginViewController.swift */; };
		3908FB23210D173200A2D2A2 /* AuthCoordinator.swift in Sources */ = {isa = PBXBuildFile; fileRef = 3908FB22210D173200A2D2A2 /* AuthCoordinator.swift */; };
		3908FB28210DFD1800A2D2A2 /* Auth.storyboard in Resources */ = {isa = PBXBuildFile; fileRef = 3908FB2A210DFD1800A2D2A2 /* Auth.storyboard */; };
		3908FB2B210DFD1F00A2D2A2 /* More.storyboard in Resources */ = {isa = PBXBuildFile; fileRef = 3908FB2D210DFD1F00A2D2A2 /* More.storyboard */; };
		3908FB2F210DFD7500A2D2A2 /* MoreViewController.swift in Sources */ = {isa = PBXBuildFile; fileRef = 3908FB2E210DFD7400A2D2A2 /* MoreViewController.swift */; };
		3908FB31210DFE4300A2D2A2 /* ExampleViewModel.swift in Sources */ = {isa = PBXBuildFile; fileRef = 3908FB30210DFE4300A2D2A2 /* ExampleViewModel.swift */; };
		3908FB38210E05AD00A2D2A2 /* MoreCoordinator.swift in Sources */ = {isa = PBXBuildFile; fileRef = 3908FB37210E05AD00A2D2A2 /* MoreCoordinator.swift */; };
		3908FB3C210E164A00A2D2A2 /* Coordinator.swift in Sources */ = {isa = PBXBuildFile; fileRef = 3908FB3B210E164A00A2D2A2 /* Coordinator.swift */; };
		3908FB43210EF93D00A2D2A2 /* NavigationCoordinator.swift in Sources */ = {isa = PBXBuildFile; fileRef = 3908FB42210EF93D00A2D2A2 /* NavigationCoordinator.swift */; };
		3908FB45210EF94D00A2D2A2 /* TabBarCoordinator.swift in Sources */ = {isa = PBXBuildFile; fileRef = 3908FB44210EF94D00A2D2A2 /* TabBarCoordinator.swift */; };
		3908FB48210EFA2E00A2D2A2 /* Weak.swift in Sources */ = {isa = PBXBuildFile; fileRef = 3908FB47210EFA2E00A2D2A2 /* Weak.swift */; };
		39B96DA61F0B7A1B00B8F3DF /* .swiftlint.yml in Resources */ = {isa = PBXBuildFile; fileRef = 39B96DA51F0B7A1B00B8F3DF /* .swiftlint.yml */; };
		39B96DA81F0B7A2300B8F3DF /* .gitignore in Resources */ = {isa = PBXBuildFile; fileRef = 39B96DA71F0B7A2300B8F3DF /* .gitignore */; };
		4C5D993E21104BA300B3319A /* Debug.storyboard in Resources */ = {isa = PBXBuildFile; fileRef = 4C5D993C21104BA300B3319A /* Debug.storyboard */; };
		4C5D994121104C4600B3319A /* DebugViewController.swift in Sources */ = {isa = PBXBuildFile; fileRef = 4C5D994021104C4600B3319A /* DebugViewController.swift */; };
		4C5D994321104DEE00B3319A /* DebugViewModel.swift in Sources */ = {isa = PBXBuildFile; fileRef = 4C5D994221104DEE00B3319A /* DebugViewModel.swift */; };
		4C5D994521104E8300B3319A /* DebugCoordinator.swift in Sources */ = {isa = PBXBuildFile; fileRef = 4C5D994421104E8300B3319A /* DebugCoordinator.swift */; };
		4DE97E0B1C7AFF1D00393489 /* Assets.xcassets in Resources */ = {isa = PBXBuildFile; fileRef = 4DE97DEA1C7AFF1D00393489 /* Assets.xcassets */; };
		4DE97E0D1C7AFF1D00393489 /* AppDelegate.swift in Sources */ = {isa = PBXBuildFile; fileRef = 4DE97DED1C7AFF1D00393489 /* AppDelegate.swift */; };
		4DE97E0E1C7AFF1D00393489 /* Appearance.swift in Sources */ = {isa = PBXBuildFile; fileRef = 4DE97DEE1C7AFF1D00393489 /* Appearance.swift */; };
		4DE97E151C7AFF1D00393489 /* LaunchScreen.storyboard in Resources */ = {isa = PBXBuildFile; fileRef = 4DE97DFA1C7AFF1D00393489 /* LaunchScreen.storyboard */; };
		4DE97E161C7AFF1D00393489 /* Main.storyboard in Resources */ = {isa = PBXBuildFile; fileRef = 4DE97DFC1C7AFF1D00393489 /* Main.storyboard */; };
		4DE97E191C7AFF1D00393489 /* ExampleViewController.swift in Sources */ = {isa = PBXBuildFile; fileRef = 4DE97E021C7AFF1D00393489 /* ExampleViewController.swift */; };
		4DE97E291C7B04B200393489 /* Storyboard.swift in Sources */ = {isa = PBXBuildFile; fileRef = 4DE97E281C7B04B200393489 /* Storyboard.swift */; };
		BCA896EF1F5D8A630099B3D1 /* Alamofire.framework in Frameworks */ = {isa = PBXBuildFile; fileRef = BCA896EC1F5D8A5E0099B3D1 /* Alamofire.framework */; };
		BCA896F11F5D8A630099B3D1 /* DataSource.framework in Frameworks */ = {isa = PBXBuildFile; fileRef = BCA896E31F5D8A5D0099B3D1 /* DataSource.framework */; };
		BCA896F21F5D8A630099B3D1 /* Diff.framework in Frameworks */ = {isa = PBXBuildFile; fileRef = BCA896ED1F5D8A5E0099B3D1 /* Diff.framework */; };
		BCA896F31F5D8A630099B3D1 /* KeychainAccess.framework in Frameworks */ = {isa = PBXBuildFile; fileRef = BCA896E41F5D8A5D0099B3D1 /* KeychainAccess.framework */; };
		BCA896F41F5D8A630099B3D1 /* Moya.framework in Frameworks */ = {isa = PBXBuildFile; fileRef = BCA896E51F5D8A5D0099B3D1 /* Moya.framework */; };
		BCA896F51F5D8A630099B3D1 /* ReactiveCocoa.framework in Frameworks */ = {isa = PBXBuildFile; fileRef = BCA896E61F5D8A5D0099B3D1 /* ReactiveCocoa.framework */; };
		BCA896F71F5D8A630099B3D1 /* ReactiveMoya.framework in Frameworks */ = {isa = PBXBuildFile; fileRef = BCA896E81F5D8A5D0099B3D1 /* ReactiveMoya.framework */; };
		BCA896F81F5D8A630099B3D1 /* ReactiveSwift.framework in Frameworks */ = {isa = PBXBuildFile; fileRef = BCA896EA1F5D8A5D0099B3D1 /* ReactiveSwift.framework */; };
		BCA896F91F5D8A630099B3D1 /* Result.framework in Frameworks */ = {isa = PBXBuildFile; fileRef = BCA896E91F5D8A5D0099B3D1 /* Result.framework */; };
		BCA896FA1F5D8A630099B3D1 /* SimpleButton.framework in Frameworks */ = {isa = PBXBuildFile; fileRef = BCA896EB1F5D8A5D0099B3D1 /* SimpleButton.framework */; };
/* End PBXBuildFile section */

/* Begin PBXContainerItemProxy section */
		3908FAEF210CD30D00A2D2A2 /* PBXContainerItemProxy */ = {
			isa = PBXContainerItemProxy;
			containerPortal = 4DE97DAF1C7AFE3800393489 /* Project object */;
			proxyType = 1;
			remoteGlobalIDString = 3908FADB210CD30D00A2D2A2;
			remoteInfo = ExampleKit;
		};
/* End PBXContainerItemProxy section */

/* Begin PBXCopyFilesBuildPhase section */
		3908FAF6210CD30D00A2D2A2 /* Embed Frameworks */ = {
			isa = PBXCopyFilesBuildPhase;
			buildActionMask = 2147483647;
			dstPath = "";
			dstSubfolderSpec = 10;
			files = (
				3908FAF2210CD30D00A2D2A2 /* ExampleKit.framework in Embed Frameworks */,
			);
			name = "Embed Frameworks";
			runOnlyForDeploymentPostprocessing = 0;
		};
/* End PBXCopyFilesBuildPhase section */

/* Begin PBXFileReference section */
		3904A093210F173E00689265 /* GoogleToolboxForMac.framework */ = {isa = PBXFileReference; lastKnownFileType = wrapper.framework; name = GoogleToolboxForMac.framework; path = Carthage/Build/iOS/GoogleToolboxForMac.framework; sourceTree = "<group>"; };
		3904A094210F173E00689265 /* FirebaseNanoPB.framework */ = {isa = PBXFileReference; lastKnownFileType = wrapper.framework; name = FirebaseNanoPB.framework; path = Carthage/Build/iOS/FirebaseNanoPB.framework; sourceTree = "<group>"; };
		3904A095210F173E00689265 /* Firebase.framework */ = {isa = PBXFileReference; lastKnownFileType = wrapper.framework; name = Firebase.framework; path = Carthage/Build/iOS/Firebase.framework; sourceTree = "<group>"; };
		3904A096210F173E00689265 /* Crashlytics.framework */ = {isa = PBXFileReference; lastKnownFileType = wrapper.framework; name = Crashlytics.framework; path = Carthage/Build/iOS/Crashlytics.framework; sourceTree = "<group>"; };
		3904A097210F173E00689265 /* FirebaseAnalytics.framework */ = {isa = PBXFileReference; lastKnownFileType = wrapper.framework; name = FirebaseAnalytics.framework; path = Carthage/Build/iOS/FirebaseAnalytics.framework; sourceTree = "<group>"; };
		3904A098210F173F00689265 /* FirebaseCore.framework */ = {isa = PBXFileReference; lastKnownFileType = wrapper.framework; name = FirebaseCore.framework; path = Carthage/Build/iOS/FirebaseCore.framework; sourceTree = "<group>"; };
		3904A099210F173F00689265 /* FirebaseInstanceID.framework */ = {isa = PBXFileReference; lastKnownFileType = wrapper.framework; name = FirebaseInstanceID.framework; path = Carthage/Build/iOS/FirebaseInstanceID.framework; sourceTree = "<group>"; };
		3904A09A210F173F00689265 /* Fabric.framework */ = {isa = PBXFileReference; lastKnownFileType = wrapper.framework; name = Fabric.framework; path = Carthage/Build/iOS/Fabric.framework; sourceTree = "<group>"; };
		3904A09B210F173F00689265 /* nanopb.framework */ = {isa = PBXFileReference; lastKnownFileType = wrapper.framework; name = nanopb.framework; path = Carthage/Build/iOS/nanopb.framework; sourceTree = "<group>"; };
		3904A09C210F173F00689265 /* FirebaseCoreDiagnostics.framework */ = {isa = PBXFileReference; lastKnownFileType = wrapper.framework; name = FirebaseCoreDiagnostics.framework; path = Carthage/Build/iOS/FirebaseCoreDiagnostics.framework; sourceTree = "<group>"; };
		3904A0B5210F1CB600689265 /* GoogleService-Info.plist */ = {isa = PBXFileReference; fileEncoding = 4; lastKnownFileType = text.plist.xml; path = "GoogleService-Info.plist"; sourceTree = "<group>"; };
		3904A0B8210F201F00689265 /* libsqlite3.tbd */ = {isa = PBXFileReference; lastKnownFileType = "sourcecode.text-based-dylib-definition"; name = libsqlite3.tbd; path = usr/lib/libsqlite3.tbd; sourceTree = SDKROOT; };
		3904A0BA210F202600689265 /* libc++.tbd */ = {isa = PBXFileReference; lastKnownFileType = "sourcecode.text-based-dylib-definition"; name = "libc++.tbd"; path = "usr/lib/libc++.tbd"; sourceTree = SDKROOT; };
		3904A0BC210F204000689265 /* libicucore.tbd */ = {isa = PBXFileReference; lastKnownFileType = "sourcecode.text-based-dylib-definition"; name = libicucore.tbd; path = usr/lib/libicucore.tbd; sourceTree = SDKROOT; };
		3904A0BE210F207700689265 /* StoreKit.framework */ = {isa = PBXFileReference; lastKnownFileType = wrapper.framework; name = StoreKit.framework; path = System/Library/Frameworks/StoreKit.framework; sourceTree = SDKROOT; };
		3904A0C0210F209B00689265 /* SystemConfiguration.framework */ = {isa = PBXFileReference; lastKnownFileType = wrapper.framework; name = SystemConfiguration.framework; path = System/Library/Frameworks/SystemConfiguration.framework; sourceTree = SDKROOT; };
		3904A0C8210F628400689265 /* UIWindow+TopViewController.swift */ = {isa = PBXFileReference; lastKnownFileType = sourcecode.swift; path = "UIWindow+TopViewController.swift"; sourceTree = "<group>"; };
		3908FADC210CD30D00A2D2A2 /* ExampleKit.framework */ = {isa = PBXFileReference; explicitFileType = wrapper.framework; includeInIndex = 0; path = ExampleKit.framework; sourceTree = BUILT_PRODUCTS_DIR; };
		3908FADE210CD30D00A2D2A2 /* ExampleKit.h */ = {isa = PBXFileReference; lastKnownFileType = sourcecode.c.h; path = ExampleKit.h; sourceTree = "<group>"; };
		3908FADF210CD30D00A2D2A2 /* Info.plist */ = {isa = PBXFileReference; lastKnownFileType = text.plist.xml; path = Info.plist; sourceTree = "<group>"; };
		3908FB04210CD4A800A2D2A2 /* AlamofireImage.framework */ = {isa = PBXFileReference; lastKnownFileType = wrapper.framework; name = AlamofireImage.framework; path = Carthage/Build/iOS/AlamofireImage.framework; sourceTree = "<group>"; };
		3908FB11210CD56E00A2D2A2 /* Credentials.swift */ = {isa = PBXFileReference; lastKnownFileType = sourcecode.swift; path = Credentials.swift; sourceTree = "<group>"; };
		3908FB15210CD58200A2D2A2 /* .gitkeep */ = {isa = PBXFileReference; lastKnownFileType = text; path = .gitkeep; sourceTree = "<group>"; };
		3908FB18210CD6F200A2D2A2 /* AppCoordinator.swift */ = {isa = PBXFileReference; lastKnownFileType = sourcecode.swift; path = AppCoordinator.swift; sourceTree = "<group>"; };
		3908FB1C210CD9BC00A2D2A2 /* MainCoordinator.swift */ = {isa = PBXFileReference; lastKnownFileType = sourcecode.swift; path = MainCoordinator.swift; sourceTree = "<group>"; };
		3908FB20210D169F00A2D2A2 /* LoginViewController.swift */ = {isa = PBXFileReference; lastKnownFileType = sourcecode.swift; path = LoginViewController.swift; sourceTree = "<group>"; };
		3908FB22210D173200A2D2A2 /* AuthCoordinator.swift */ = {isa = PBXFileReference; lastKnownFileType = sourcecode.swift; path = AuthCoordinator.swift; sourceTree = "<group>"; };
		3908FB29210DFD1800A2D2A2 /* Base */ = {isa = PBXFileReference; lastKnownFileType = file.storyboard; name = Base; path = Base.lproj/Auth.storyboard; sourceTree = "<group>"; };
		3908FB2C210DFD1F00A2D2A2 /* Base */ = {isa = PBXFileReference; lastKnownFileType = file.storyboard; name = Base; path = Base.lproj/More.storyboard; sourceTree = "<group>"; };
		3908FB2E210DFD7400A2D2A2 /* MoreViewController.swift */ = {isa = PBXFileReference; lastKnownFileType = sourcecode.swift; path = MoreViewController.swift; sourceTree = "<group>"; };
		3908FB30210DFE4300A2D2A2 /* ExampleViewModel.swift */ = {isa = PBXFileReference; lastKnownFileType = sourcecode.swift; path = ExampleViewModel.swift; sourceTree = "<group>"; };
		3908FB37210E05AD00A2D2A2 /* MoreCoordinator.swift */ = {isa = PBXFileReference; lastKnownFileType = sourcecode.swift; path = MoreCoordinator.swift; sourceTree = "<group>"; };
		3908FB3B210E164A00A2D2A2 /* Coordinator.swift */ = {isa = PBXFileReference; lastKnownFileType = sourcecode.swift; path = Coordinator.swift; sourceTree = "<group>"; };
		3908FB42210EF93D00A2D2A2 /* NavigationCoordinator.swift */ = {isa = PBXFileReference; lastKnownFileType = sourcecode.swift; path = NavigationCoordinator.swift; sourceTree = "<group>"; };
		3908FB44210EF94D00A2D2A2 /* TabBarCoordinator.swift */ = {isa = PBXFileReference; lastKnownFileType = sourcecode.swift; path = TabBarCoordinator.swift; sourceTree = "<group>"; };
		3908FB47210EFA2E00A2D2A2 /* Weak.swift */ = {isa = PBXFileReference; lastKnownFileType = sourcecode.swift; path = Weak.swift; sourceTree = "<group>"; };
		39B96DA51F0B7A1B00B8F3DF /* .swiftlint.yml */ = {isa = PBXFileReference; fileEncoding = 4; lastKnownFileType = text; path = .swiftlint.yml; sourceTree = "<group>"; };
		39B96DA71F0B7A2300B8F3DF /* .gitignore */ = {isa = PBXFileReference; fileEncoding = 4; lastKnownFileType = text; path = .gitignore; sourceTree = "<group>"; };
		4C5D993D21104BA300B3319A /* Base */ = {isa = PBXFileReference; lastKnownFileType = file.storyboard; name = Base; path = Base.lproj/Debug.storyboard; sourceTree = "<group>"; };
		4C5D994021104C4600B3319A /* DebugViewController.swift */ = {isa = PBXFileReference; lastKnownFileType = sourcecode.swift; path = DebugViewController.swift; sourceTree = "<group>"; };
		4C5D994221104DEE00B3319A /* DebugViewModel.swift */ = {isa = PBXFileReference; lastKnownFileType = sourcecode.swift; path = DebugViewModel.swift; sourceTree = "<group>"; };
		4C5D994421104E8300B3319A /* DebugCoordinator.swift */ = {isa = PBXFileReference; lastKnownFileType = sourcecode.swift; path = DebugCoordinator.swift; sourceTree = "<group>"; };
		4DE97DB71C7AFE3800393489 /* Example.app */ = {isa = PBXFileReference; explicitFileType = wrapper.application; includeInIndex = 0; path = Example.app; sourceTree = BUILT_PRODUCTS_DIR; };
		4DE97DEA1C7AFF1D00393489 /* Assets.xcassets */ = {isa = PBXFileReference; lastKnownFileType = folder.assetcatalog; path = Assets.xcassets; sourceTree = "<group>"; };
		4DE97DED1C7AFF1D00393489 /* AppDelegate.swift */ = {isa = PBXFileReference; fileEncoding = 4; lastKnownFileType = sourcecode.swift; path = AppDelegate.swift; sourceTree = "<group>"; };
		4DE97DEE1C7AFF1D00393489 /* Appearance.swift */ = {isa = PBXFileReference; fileEncoding = 4; lastKnownFileType = sourcecode.swift; path = Appearance.swift; sourceTree = "<group>"; };
		4DE97DEF1C7AFF1D00393489 /* Config.swift */ = {isa = PBXFileReference; fileEncoding = 4; lastKnownFileType = sourcecode.swift; path = Config.swift; sourceTree = "<group>"; };
		4DE97DFB1C7AFF1D00393489 /* Base */ = {isa = PBXFileReference; lastKnownFileType = file.storyboard; name = Base; path = Base.lproj/LaunchScreen.storyboard; sourceTree = "<group>"; };
		4DE97DFD1C7AFF1D00393489 /* Base */ = {isa = PBXFileReference; lastKnownFileType = file.storyboard; name = Base; path = Base.lproj/Main.storyboard; sourceTree = "<group>"; };
		4DE97E021C7AFF1D00393489 /* ExampleViewController.swift */ = {isa = PBXFileReference; fileEncoding = 4; lastKnownFileType = sourcecode.swift; path = ExampleViewController.swift; sourceTree = "<group>"; };
		4DE97E061C7AFF1D00393489 /* .gitkeep */ = {isa = PBXFileReference; fileEncoding = 4; lastKnownFileType = text; path = .gitkeep; sourceTree = "<group>"; };
		4DE97E091C7AFF1D00393489 /* Info.plist */ = {isa = PBXFileReference; fileEncoding = 4; lastKnownFileType = text.plist.xml; path = Info.plist; sourceTree = "<group>"; };
		4DE97E1E1C7AFF5100393489 /* Cartfile */ = {isa = PBXFileReference; lastKnownFileType = text; path = Cartfile; sourceTree = "<group>"; };
		4DE97E1F1C7B00F000393489 /* Environment.swift */ = {isa = PBXFileReference; fileEncoding = 4; lastKnownFileType = sourcecode.swift; path = Environment.swift; sourceTree = "<group>"; };
		4DE97E221C7B038F00393489 /* .gitkeep */ = {isa = PBXFileReference; fileEncoding = 4; lastKnownFileType = text; path = .gitkeep; sourceTree = "<group>"; };
		4DE97E281C7B04B200393489 /* Storyboard.swift */ = {isa = PBXFileReference; fileEncoding = 4; lastKnownFileType = sourcecode.swift; path = Storyboard.swift; sourceTree = "<group>"; };
		4DE97E2A1C7B069600393489 /* MoyaLogger.swift */ = {isa = PBXFileReference; fileEncoding = 4; lastKnownFileType = sourcecode.swift; path = MoyaLogger.swift; sourceTree = "<group>"; };
		4DE97E421C7B223A00393489 /* API.swift */ = {isa = PBXFileReference; fileEncoding = 4; lastKnownFileType = sourcecode.swift; path = API.swift; sourceTree = "<group>"; };
		4DE97E441C7B22CA00393489 /* APIClient.swift */ = {isa = PBXFileReference; fileEncoding = 4; lastKnownFileType = sourcecode.swift; path = APIClient.swift; sourceTree = "<group>"; };
		4DE97E471C7B231D00393489 /* test.json */ = {isa = PBXFileReference; fileEncoding = 4; lastKnownFileType = text.json; path = test.json; sourceTree = "<group>"; };
		BC6A83921EDEF87D00F16019 /* APIError.swift */ = {isa = PBXFileReference; fileEncoding = 4; lastKnownFileType = sourcecode.swift; path = APIError.swift; sourceTree = "<group>"; };
		BC6A839D1EDFF9EF00F16019 /* Strings.swift */ = {isa = PBXFileReference; fileEncoding = 4; lastKnownFileType = sourcecode.swift; path = Strings.swift; sourceTree = "<group>"; };
		BCA896DF1F5D8A210099B3D1 /* Formatters.swift */ = {isa = PBXFileReference; lastKnownFileType = sourcecode.swift; path = Formatters.swift; sourceTree = "<group>"; };
		BCA896E01F5D8A210099B3D1 /* Decoders.swift */ = {isa = PBXFileReference; lastKnownFileType = sourcecode.swift; path = Decoders.swift; sourceTree = "<group>"; };
		BCA896E31F5D8A5D0099B3D1 /* DataSource.framework */ = {isa = PBXFileReference; lastKnownFileType = wrapper.framework; name = DataSource.framework; path = Carthage/Build/iOS/DataSource.framework; sourceTree = "<group>"; };
		BCA896E41F5D8A5D0099B3D1 /* KeychainAccess.framework */ = {isa = PBXFileReference; lastKnownFileType = wrapper.framework; name = KeychainAccess.framework; path = Carthage/Build/iOS/KeychainAccess.framework; sourceTree = "<group>"; };
		BCA896E51F5D8A5D0099B3D1 /* Moya.framework */ = {isa = PBXFileReference; lastKnownFileType = wrapper.framework; name = Moya.framework; path = Carthage/Build/iOS/Moya.framework; sourceTree = "<group>"; };
		BCA896E61F5D8A5D0099B3D1 /* ReactiveCocoa.framework */ = {isa = PBXFileReference; lastKnownFileType = wrapper.framework; name = ReactiveCocoa.framework; path = Carthage/Build/iOS/ReactiveCocoa.framework; sourceTree = "<group>"; };
		BCA896E81F5D8A5D0099B3D1 /* ReactiveMoya.framework */ = {isa = PBXFileReference; lastKnownFileType = wrapper.framework; name = ReactiveMoya.framework; path = Carthage/Build/iOS/ReactiveMoya.framework; sourceTree = "<group>"; };
		BCA896E91F5D8A5D0099B3D1 /* Result.framework */ = {isa = PBXFileReference; lastKnownFileType = wrapper.framework; name = Result.framework; path = Carthage/Build/iOS/Result.framework; sourceTree = "<group>"; };
		BCA896EA1F5D8A5D0099B3D1 /* ReactiveSwift.framework */ = {isa = PBXFileReference; lastKnownFileType = wrapper.framework; name = ReactiveSwift.framework; path = Carthage/Build/iOS/ReactiveSwift.framework; sourceTree = "<group>"; };
		BCA896EB1F5D8A5D0099B3D1 /* SimpleButton.framework */ = {isa = PBXFileReference; lastKnownFileType = wrapper.framework; name = SimpleButton.framework; path = Carthage/Build/iOS/SimpleButton.framework; sourceTree = "<group>"; };
		BCA896EC1F5D8A5E0099B3D1 /* Alamofire.framework */ = {isa = PBXFileReference; lastKnownFileType = wrapper.framework; name = Alamofire.framework; path = Carthage/Build/iOS/Alamofire.framework; sourceTree = "<group>"; };
		BCA896ED1F5D8A5E0099B3D1 /* Diff.framework */ = {isa = PBXFileReference; lastKnownFileType = wrapper.framework; name = Diff.framework; path = Carthage/Build/iOS/Diff.framework; sourceTree = "<group>"; };
/* End PBXFileReference section */

/* Begin PBXFrameworksBuildPhase section */
		3908FAD8210CD30D00A2D2A2 /* Frameworks */ = {
			isa = PBXFrameworksBuildPhase;
			buildActionMask = 2147483647;
			files = (
				3908FAFD210CD3EF00A2D2A2 /* Alamofire.framework in Frameworks */,
				3908FAFE210CD3EF00A2D2A2 /* KeychainAccess.framework in Frameworks */,
				3908FAFF210CD3EF00A2D2A2 /* Moya.framework in Frameworks */,
				3908FB01210CD3EF00A2D2A2 /* ReactiveMoya.framework in Frameworks */,
				3908FB02210CD3EF00A2D2A2 /* ReactiveSwift.framework in Frameworks */,
				3908FB03210CD3EF00A2D2A2 /* Result.framework in Frameworks */,
			);
			runOnlyForDeploymentPostprocessing = 0;
		};
		4DE97DB41C7AFE3800393489 /* Frameworks */ = {
			isa = PBXFrameworksBuildPhase;
			buildActionMask = 2147483647;
			files = (
				3904A0C7210F214B00689265 /* SystemConfiguration.framework in Frameworks */,
				3904A0C6210F213D00689265 /* StoreKit.framework in Frameworks */,
				3904A0C5210F213900689265 /* libicucore.tbd in Frameworks */,
				3904A0C4210F213200689265 /* libsqlite3.tbd in Frameworks */,
				3904A0C3210F212D00689265 /* libc++.tbd in Frameworks */,
				3904A09D210F174000689265 /* GoogleToolboxForMac.framework in Frameworks */,
				BCA896EF1F5D8A630099B3D1 /* Alamofire.framework in Frameworks */,
				3904A0A2210F174000689265 /* FirebaseCore.framework in Frameworks */,
				3904A0A3210F174000689265 /* FirebaseInstanceID.framework in Frameworks */,
				BCA896F91F5D8A630099B3D1 /* Result.framework in Frameworks */,
				BCA896F11F5D8A630099B3D1 /* DataSource.framework in Frameworks */,
				3908FB05210CD4A800A2D2A2 /* AlamofireImage.framework in Frameworks */,
				3904A0A6210F174000689265 /* FirebaseCoreDiagnostics.framework in Frameworks */,
				3904A09E210F174000689265 /* FirebaseNanoPB.framework in Frameworks */,
				BCA896FA1F5D8A630099B3D1 /* SimpleButton.framework in Frameworks */,
				3904A0A1210F174000689265 /* FirebaseAnalytics.framework in Frameworks */,
				3904A0A5210F174000689265 /* nanopb.framework in Frameworks */,
				BCA896F21F5D8A630099B3D1 /* Diff.framework in Frameworks */,
				3904A0A4210F174000689265 /* Fabric.framework in Frameworks */,
				BCA896F71F5D8A630099B3D1 /* ReactiveMoya.framework in Frameworks */,
				BCA896F51F5D8A630099B3D1 /* ReactiveCocoa.framework in Frameworks */,
				3904A0A0210F174000689265 /* Crashlytics.framework in Frameworks */,
				BCA896F81F5D8A630099B3D1 /* ReactiveSwift.framework in Frameworks */,
				BCA896F41F5D8A630099B3D1 /* Moya.framework in Frameworks */,
				BCA896F31F5D8A630099B3D1 /* KeychainAccess.framework in Frameworks */,
				3908FAF1210CD30D00A2D2A2 /* ExampleKit.framework in Frameworks */,
			);
			runOnlyForDeploymentPostprocessing = 0;
		};
/* End PBXFrameworksBuildPhase section */

/* Begin PBXGroup section */
		3904A0B1210F177700689265 /* Firebase */ = {
			isa = PBXGroup;
			children = (
				3904A096210F173E00689265 /* Crashlytics.framework */,
				3904A09A210F173F00689265 /* Fabric.framework */,
				3904A095210F173E00689265 /* Firebase.framework */,
				3904A097210F173E00689265 /* FirebaseAnalytics.framework */,
				3904A098210F173F00689265 /* FirebaseCore.framework */,
				3904A09C210F173F00689265 /* FirebaseCoreDiagnostics.framework */,
				3904A099210F173F00689265 /* FirebaseInstanceID.framework */,
				3904A094210F173E00689265 /* FirebaseNanoPB.framework */,
				3904A093210F173E00689265 /* GoogleToolboxForMac.framework */,
				3904A09B210F173F00689265 /* nanopb.framework */,
			);
			name = Firebase;
			sourceTree = "<group>";
		};
		3908FADD210CD30D00A2D2A2 /* ExampleKit */ = {
			isa = PBXGroup;
			children = (
				3908FAFB210CD37000A2D2A2 /* Code */,
				3908FAFA210CD34100A2D2A2 /* SupportingFiles */,
			);
			path = ExampleKit;
			sourceTree = "<group>";
		};
		3908FAFA210CD34100A2D2A2 /* SupportingFiles */ = {
			isa = PBXGroup;
			children = (
				3908FADE210CD30D00A2D2A2 /* ExampleKit.h */,
				3908FADF210CD30D00A2D2A2 /* Info.plist */,
			);
			path = SupportingFiles;
			sourceTree = "<group>";
		};
		3908FAFB210CD37000A2D2A2 /* Code */ = {
			isa = PBXGroup;
			children = (
				4DE97DEF1C7AFF1D00393489 /* Config.swift */,
				BC6A839D1EDFF9EF00F16019 /* Strings.swift */,
				4DE97E1F1C7B00F000393489 /* Environment.swift */,
				3908FB14210CD58200A2D2A2 /* Extensions */,
				3908FB10210CD56E00A2D2A2 /* Models */,
				4DE97DF41C7AFF1D00393489 /* Networking */,
				4DE97DFE1C7AFF1D00393489 /* Utilities */,
			);
			path = Code;
			sourceTree = "<group>";
		};
		3908FAFC210CD3EF00A2D2A2 /* Frameworks */ = {
			isa = PBXGroup;
			children = (
				3904A0C0210F209B00689265 /* SystemConfiguration.framework */,
				3904A0BE210F207700689265 /* StoreKit.framework */,
				3904A0BC210F204000689265 /* libicucore.tbd */,
				3904A0BA210F202600689265 /* libc++.tbd */,
				3904A0B8210F201F00689265 /* libsqlite3.tbd */,
			);
			name = Frameworks;
			sourceTree = "<group>";
		};
		3908FB10210CD56E00A2D2A2 /* Models */ = {
			isa = PBXGroup;
			children = (
				3908FB11210CD56E00A2D2A2 /* Credentials.swift */,
			);
			path = Models;
			sourceTree = "<group>";
		};
		3908FB14210CD58200A2D2A2 /* Extensions */ = {
			isa = PBXGroup;
			children = (
				3908FB15210CD58200A2D2A2 /* .gitkeep */,
			);
			path = Extensions;
			sourceTree = "<group>";
		};
		3908FB17210CD6DC00A2D2A2 /* Coordinators */ = {
			isa = PBXGroup;
			children = (
				3908FB3B210E164A00A2D2A2 /* Coordinator.swift */,
				3908FB42210EF93D00A2D2A2 /* NavigationCoordinator.swift */,
				3908FB44210EF94D00A2D2A2 /* TabBarCoordinator.swift */,
			);
			path = Coordinators;
			sourceTree = "<group>";
		};
		3908FB3D210EF8A600A2D2A2 /* Features */ = {
			isa = PBXGroup;
			children = (
				4C5D993F21104C2800B3319A /* Debug */,
				3908FB40210EF8BC00A2D2A2 /* Main */,
				3908FB3F210EF8B500A2D2A2 /* More */,
				3908FB3E210EF8AD00A2D2A2 /* Authentication */,
			);
			path = Features;
			sourceTree = "<group>";
		};
		3908FB3E210EF8AD00A2D2A2 /* Authentication */ = {
			isa = PBXGroup;
			children = (
				3908FB22210D173200A2D2A2 /* AuthCoordinator.swift */,
				3908FB20210D169F00A2D2A2 /* LoginViewController.swift */,
			);
			path = Authentication;
			sourceTree = "<group>";
		};
		3908FB3F210EF8B500A2D2A2 /* More */ = {
			isa = PBXGroup;
			children = (
				3908FB37210E05AD00A2D2A2 /* MoreCoordinator.swift */,
				3908FB2E210DFD7400A2D2A2 /* MoreViewController.swift */,
			);
			path = More;
			sourceTree = "<group>";
		};
		3908FB40210EF8BC00A2D2A2 /* Main */ = {
			isa = PBXGroup;
			children = (
				3908FB1C210CD9BC00A2D2A2 /* MainCoordinator.swift */,
				4DE97E021C7AFF1D00393489 /* ExampleViewController.swift */,
				3908FB30210DFE4300A2D2A2 /* ExampleViewModel.swift */,
			);
			path = Main;
			sourceTree = "<group>";
		};
		4C5D993F21104C2800B3319A /* Debug */ = {
			isa = PBXGroup;
			children = (
				4C5D994021104C4600B3319A /* DebugViewController.swift */,
				4C5D994221104DEE00B3319A /* DebugViewModel.swift */,
				4C5D994421104E8300B3319A /* DebugCoordinator.swift */,
			);
			path = Debug;
			sourceTree = "<group>";
		};
		4DE97DAE1C7AFE3800393489 = {
			isa = PBXGroup;
			children = (
				3904A0B5210F1CB600689265 /* GoogleService-Info.plist */,
				39B96DA71F0B7A2300B8F3DF /* .gitignore */,
				39B96DA51F0B7A1B00B8F3DF /* .swiftlint.yml */,
				4DE97DB91C7AFE3800393489 /* Example */,
				3908FADD210CD30D00A2D2A2 /* ExampleKit */,
				4DE97E401C7B0E2C00393489 /* Carthage */,
				4DE97DB81C7AFE3800393489 /* Products */,
				3908FAFC210CD3EF00A2D2A2 /* Frameworks */,
			);
			sourceTree = "<group>";
		};
		4DE97DB81C7AFE3800393489 /* Products */ = {
			isa = PBXGroup;
			children = (
				4DE97DB71C7AFE3800393489 /* Example.app */,
				3908FADC210CD30D00A2D2A2 /* ExampleKit.framework */,
			);
			name = Products;
			sourceTree = "<group>";
		};
		4DE97DB91C7AFE3800393489 /* Example */ = {
			isa = PBXGroup;
			children = (
				4DE97DE81C7AFF1D00393489 /* Assets */,
				4DE97DEB1C7AFF1D00393489 /* Code */,
				4DE97E071C7AFF1D00393489 /* SupportingFiles */,
			);
			path = Example;
			sourceTree = "<group>";
		};
		4DE97DE81C7AFF1D00393489 /* Assets */ = {
			isa = PBXGroup;
			children = (
				4DE97DEA1C7AFF1D00393489 /* Assets.xcassets */,
			);
			path = Assets;
			sourceTree = "<group>";
		};
		4DE97DEB1C7AFF1D00393489 /* Code */ = {
			isa = PBXGroup;
			children = (
				3908FB18210CD6F200A2D2A2 /* AppCoordinator.swift */,
				4DE97DED1C7AFF1D00393489 /* AppDelegate.swift */,
				4DE97DEE1C7AFF1D00393489 /* Appearance.swift */,
				4DE97E211C7B038F00393489 /* Controllers */,
				3908FB17210CD6DC00A2D2A2 /* Coordinators */,
				4DE97DF01C7AFF1D00393489 /* Extensions */,
				3908FB3D210EF8A600A2D2A2 /* Features */,
				4DE97DF81C7AFF1D00393489 /* Storyboards */,
				4DE97E051C7AFF1D00393489 /* Views */,
			);
			path = Code;
			sourceTree = "<group>";
		};
		4DE97DF01C7AFF1D00393489 /* Extensions */ = {
			isa = PBXGroup;
			children = (
				3904A0C8210F628400689265 /* UIWindow+TopViewController.swift */,
			);
			path = Extensions;
			sourceTree = "<group>";
		};
		4DE97DF41C7AFF1D00393489 /* Networking */ = {
			isa = PBXGroup;
			children = (
				4DE97E421C7B223A00393489 /* API.swift */,
				4DE97E441C7B22CA00393489 /* APIClient.swift */,
				BC6A83921EDEF87D00F16019 /* APIError.swift */,
				4DE97E2A1C7B069600393489 /* MoyaLogger.swift */,
				4DE97E461C7B231D00393489 /* StubData */,
			);
			path = Networking;
			sourceTree = "<group>";
		};
		4DE97DF81C7AFF1D00393489 /* Storyboards */ = {
			isa = PBXGroup;
			children = (
				3908FB2A210DFD1800A2D2A2 /* Auth.storyboard */,
				4DE97DFC1C7AFF1D00393489 /* Main.storyboard */,
				3908FB2D210DFD1F00A2D2A2 /* More.storyboard */,
				4DE97DFA1C7AFF1D00393489 /* LaunchScreen.storyboard */,
				4C5D993C21104BA300B3319A /* Debug.storyboard */,
				4DE97E281C7B04B200393489 /* Storyboard.swift */,
			);
			path = Storyboards;
			sourceTree = "<group>";
		};
		4DE97DFE1C7AFF1D00393489 /* Utilities */ = {
			isa = PBXGroup;
			children = (
				BCA896E01F5D8A210099B3D1 /* Decoders.swift */,
				BCA896DF1F5D8A210099B3D1 /* Formatters.swift */,
				3908FB47210EFA2E00A2D2A2 /* Weak.swift */,
			);
			path = Utilities;
			sourceTree = "<group>";
		};
		4DE97E051C7AFF1D00393489 /* Views */ = {
			isa = PBXGroup;
			children = (
				4DE97E061C7AFF1D00393489 /* .gitkeep */,
			);
			path = Views;
			sourceTree = "<group>";
		};
		4DE97E071C7AFF1D00393489 /* SupportingFiles */ = {
			isa = PBXGroup;
			children = (
				4DE97E091C7AFF1D00393489 /* Info.plist */,
			);
			path = SupportingFiles;
			sourceTree = "<group>";
		};
		4DE97E211C7B038F00393489 /* Controllers */ = {
			isa = PBXGroup;
			children = (
				4DE97E221C7B038F00393489 /* .gitkeep */,
			);
			path = Controllers;
			sourceTree = "<group>";
		};
		4DE97E401C7B0E2C00393489 /* Carthage */ = {
			isa = PBXGroup;
			children = (
				4DE97E1E1C7AFF5100393489 /* Cartfile */,
				3904A0B1210F177700689265 /* Firebase */,
				BCA896EC1F5D8A5E0099B3D1 /* Alamofire.framework */,
				3908FB04210CD4A800A2D2A2 /* AlamofireImage.framework */,
				BCA896E31F5D8A5D0099B3D1 /* DataSource.framework */,
				BCA896ED1F5D8A5E0099B3D1 /* Diff.framework */,
				BCA896E41F5D8A5D0099B3D1 /* KeychainAccess.framework */,
				BCA896E51F5D8A5D0099B3D1 /* Moya.framework */,
				BCA896E61F5D8A5D0099B3D1 /* ReactiveCocoa.framework */,
				BCA896E81F5D8A5D0099B3D1 /* ReactiveMoya.framework */,
				BCA896EA1F5D8A5D0099B3D1 /* ReactiveSwift.framework */,
				BCA896E91F5D8A5D0099B3D1 /* Result.framework */,
				BCA896EB1F5D8A5D0099B3D1 /* SimpleButton.framework */,
			);
			name = Carthage;
			sourceTree = "<group>";
		};
		4DE97E461C7B231D00393489 /* StubData */ = {
			isa = PBXGroup;
			children = (
				4DE97E471C7B231D00393489 /* test.json */,
			);
			path = StubData;
			sourceTree = "<group>";
		};
/* End PBXGroup section */

/* Begin PBXHeadersBuildPhase section */
		3908FAD9210CD30D00A2D2A2 /* Headers */ = {
			isa = PBXHeadersBuildPhase;
			buildActionMask = 2147483647;
			files = (
				3908FAEE210CD30D00A2D2A2 /* ExampleKit.h in Headers */,
			);
			runOnlyForDeploymentPostprocessing = 0;
		};
/* End PBXHeadersBuildPhase section */

/* Begin PBXNativeTarget section */
		3908FADB210CD30D00A2D2A2 /* ExampleKit */ = {
			isa = PBXNativeTarget;
			buildConfigurationList = 3908FAF3210CD30D00A2D2A2 /* Build configuration list for PBXNativeTarget "ExampleKit" */;
			buildPhases = (
				3908FAD7210CD30D00A2D2A2 /* Sources */,
				3908FAD8210CD30D00A2D2A2 /* Frameworks */,
				3908FAD9210CD30D00A2D2A2 /* Headers */,
				3908FADA210CD30D00A2D2A2 /* Resources */,
			);
			buildRules = (
			);
			dependencies = (
			);
			name = ExampleKit;
			productName = ExampleKit;
			productReference = 3908FADC210CD30D00A2D2A2 /* ExampleKit.framework */;
			productType = "com.apple.product-type.framework";
		};
		4DE97DB61C7AFE3800393489 /* Example */ = {
			isa = PBXNativeTarget;
			buildConfigurationList = 4DE97DDF1C7AFE3800393489 /* Build configuration list for PBXNativeTarget "Example" */;
			buildPhases = (
				4DE97DB31C7AFE3800393489 /* Sources */,
				4DE97DB41C7AFE3800393489 /* Frameworks */,
				4DE97DB51C7AFE3800393489 /* Resources */,
				4DE97E411C7B0E4D00393489 /* Carthage */,
				39B96DA91F0B839300B8F3DF /* SwiftLint */,
				3908FAF6210CD30D00A2D2A2 /* Embed Frameworks */,
				3904A0B2210F192A00689265 /* Crashlytics */,
			);
			buildRules = (
			);
			dependencies = (
				3908FAF0210CD30D00A2D2A2 /* PBXTargetDependency */,
			);
			name = Example;
			productName = Example;
			productReference = 4DE97DB71C7AFE3800393489 /* Example.app */;
			productType = "com.apple.product-type.application";
		};
/* End PBXNativeTarget section */

/* Begin PBXProject section */
		4DE97DAF1C7AFE3800393489 /* Project object */ = {
			isa = PBXProject;
			attributes = {
				LastSwiftUpdateCheck = 0940;
				LastUpgradeCheck = 0940;
				ORGANIZATIONNAME = "aaa - all about apps GmbH";
				TargetAttributes = {
					3908FADB210CD30D00A2D2A2 = {
						CreatedOnToolsVersion = 9.4.1;
						DevelopmentTeam = M8F9QH57A6;
						ProvisioningStyle = Automatic;
					};
					4DE97DB61C7AFE3800393489 = {
						CreatedOnToolsVersion = 7.2.1;
						DevelopmentTeam = M8F9QH57A6;
						LastSwiftMigration = 0830;
						ProvisioningStyle = Automatic;
					};
				};
			};
			buildConfigurationList = 4DE97DB21C7AFE3800393489 /* Build configuration list for PBXProject "Example" */;
			compatibilityVersion = "Xcode 3.2";
			developmentRegion = English;
			hasScannedForEncodings = 0;
			knownRegions = (
				en,
				Base,
			);
			mainGroup = 4DE97DAE1C7AFE3800393489;
			productRefGroup = 4DE97DB81C7AFE3800393489 /* Products */;
			projectDirPath = "";
			projectRoot = "";
			targets = (
				4DE97DB61C7AFE3800393489 /* Example */,
				3908FADB210CD30D00A2D2A2 /* ExampleKit */,
			);
		};
/* End PBXProject section */

/* Begin PBXResourcesBuildPhase section */
		3908FADA210CD30D00A2D2A2 /* Resources */ = {
			isa = PBXResourcesBuildPhase;
			buildActionMask = 2147483647;
			files = (
				3908FB0A210CD52800A2D2A2 /* test.json in Resources */,
				3904A0B7210F1CB600689265 /* GoogleService-Info.plist in Resources */,
			);
			runOnlyForDeploymentPostprocessing = 0;
		};
		4DE97DB51C7AFE3800393489 /* Resources */ = {
			isa = PBXResourcesBuildPhase;
			buildActionMask = 2147483647;
			files = (
				4C5D993E21104BA300B3319A /* Debug.storyboard in Resources */,
				39B96DA61F0B7A1B00B8F3DF /* .swiftlint.yml in Resources */,
				3904A0B6210F1CB600689265 /* GoogleService-Info.plist in Resources */,
				4DE97E151C7AFF1D00393489 /* LaunchScreen.storyboard in Resources */,
				3908FB2B210DFD1F00A2D2A2 /* More.storyboard in Resources */,
				4DE97E161C7AFF1D00393489 /* Main.storyboard in Resources */,
				39B96DA81F0B7A2300B8F3DF /* .gitignore in Resources */,
				4DE97E0B1C7AFF1D00393489 /* Assets.xcassets in Resources */,
				3908FB28210DFD1800A2D2A2 /* Auth.storyboard in Resources */,
			);
			runOnlyForDeploymentPostprocessing = 0;
		};
/* End PBXResourcesBuildPhase section */

/* Begin PBXShellScriptBuildPhase section */
		3904A0B2210F192A00689265 /* Crashlytics */ = {
			isa = PBXShellScriptBuildPhase;
			buildActionMask = 2147483647;
			files = (
			);
			inputPaths = (
			);
			name = Crashlytics;
			outputPaths = (
			);
			runOnlyForDeploymentPostprocessing = 0;
			shellPath = /bin/sh;
			shellScript = "\"${PROJECT_DIR}/Carthage/Build/iOS/Fabric.framework/run\"";
		};
		39B96DA91F0B839300B8F3DF /* SwiftLint */ = {
			isa = PBXShellScriptBuildPhase;
			buildActionMask = 2147483647;
			files = (
			);
			inputPaths = (
			);
			name = SwiftLint;
			outputPaths = (
			);
			runOnlyForDeploymentPostprocessing = 0;
			shellPath = /bin/sh;
			shellScript = "if which swiftlint >/dev/null; then\n    swiftlint\nelse\n    echo \"warning: SwiftLint not installed, download from https://github.com/realm/SwiftLint\"\nfi";
		};
		4DE97E411C7B0E4D00393489 /* Carthage */ = {
			isa = PBXShellScriptBuildPhase;
			buildActionMask = 2147483647;
			files = (
			);
			inputPaths = (
				"$(SRCROOT)/Carthage/Build/iOS/Alamofire.framework",
				"$(SRCROOT)/Carthage/Build/iOS/DataSource.framework",
				"$(SRCROOT)/Carthage/Build/iOS/KeychainAccess.framework",
				"$(SRCROOT)/Carthage/Build/iOS/Moya.framework",
				"$(SRCROOT)/Carthage/Build/iOS/ReactiveCocoa.framework",
				"$(SRCROOT)/Carthage/Build/iOS/ReactiveMoya.framework",
				"$(SRCROOT)/Carthage/Build/iOS/ReactiveSwift.framework",
				"$(SRCROOT)/Carthage/Build/iOS/Result.framework",
				"$(SRCROOT)/Carthage/Build/iOS/SimpleButton.framework",
				"$(SRCROOT)/Carthage/Build/iOS/Diff.framework",
				"$(SRCROOT)/Carthage/Build/iOS/AlamofireImage.framework",
			);
			name = Carthage;
			outputPaths = (
				"$(BUILT_PRODUCTS_DIR)/$(FRAMEWORKS_FOLDER_PATH)/Alamofire.framework",
				"$(BUILT_PRODUCTS_DIR)/$(FRAMEWORKS_FOLDER_PATH)/AlamofireImage.framework",
				"$(BUILT_PRODUCTS_DIR)/$(FRAMEWORKS_FOLDER_PATH)/KeychainAccess.framework",
				"$(BUILT_PRODUCTS_DIR)/$(FRAMEWORKS_FOLDER_PATH)/Moya.framework",
				"$(BUILT_PRODUCTS_DIR)/$(FRAMEWORKS_FOLDER_PATH)/ReactiveCocoa.framework",
				"$(BUILT_PRODUCTS_DIR)/$(FRAMEWORKS_FOLDER_PATH)/ReactiveSwift.framework",
				"$(BUILT_PRODUCTS_DIR)/$(FRAMEWORKS_FOLDER_PATH)/ReactiveMoya.framework",
				"$(BUILT_PRODUCTS_DIR)/$(FRAMEWORKS_FOLDER_PATH)/Result.framework",
				"$(BUILT_PRODUCTS_DIR)/$(FRAMEWORKS_FOLDER_PATH)/SimpleButton.framework",
				"$(BUILT_PRODUCTS_DIR)/$(FRAMEWORKS_FOLDER_PATH)/Diff.framework",
			);
			runOnlyForDeploymentPostprocessing = 0;
			shellPath = /bin/sh;
			shellScript = "/usr/local/bin/carthage copy-frameworks";
		};
/* End PBXShellScriptBuildPhase section */

/* Begin PBXSourcesBuildPhase section */
		3908FAD7210CD30D00A2D2A2 /* Sources */ = {
			isa = PBXSourcesBuildPhase;
			buildActionMask = 2147483647;
			files = (
				3908FB0C210CD52C00A2D2A2 /* Formatters.swift in Sources */,
				3908FB06210CD52800A2D2A2 /* API.swift in Sources */,
				3908FB16210CD5A100A2D2A2 /* Strings.swift in Sources */,
				3908FB09210CD52800A2D2A2 /* MoyaLogger.swift in Sources */,
				3908FB12210CD57100A2D2A2 /* Credentials.swift in Sources */,
				3908FB48210EFA2E00A2D2A2 /* Weak.swift in Sources */,
				3908FB0D210CD54F00A2D2A2 /* Environment.swift in Sources */,
				3908FB07210CD52800A2D2A2 /* APIClient.swift in Sources */,
				3908FB0E210CD55400A2D2A2 /* Config.swift in Sources */,
				3908FB0B210CD52C00A2D2A2 /* Decoders.swift in Sources */,
				3908FB08210CD52800A2D2A2 /* APIError.swift in Sources */,
			);
			runOnlyForDeploymentPostprocessing = 0;
		};
		4DE97DB31C7AFE3800393489 /* Sources */ = {
			isa = PBXSourcesBuildPhase;
			buildActionMask = 2147483647;
			files = (
				3908FB2F210DFD7500A2D2A2 /* MoreViewController.swift in Sources */,
				3908FB21210D169F00A2D2A2 /* LoginViewController.swift in Sources */,
				3904A0C9210F628400689265 /* UIWindow+TopViewController.swift in Sources */,
				3908FB23210D173200A2D2A2 /* AuthCoordinator.swift in Sources */,
				3908FB43210EF93D00A2D2A2 /* NavigationCoordinator.swift in Sources */,
				3908FB3C210E164A00A2D2A2 /* Coordinator.swift in Sources */,
				4DE97E0D1C7AFF1D00393489 /* AppDelegate.swift in Sources */,
				3908FB1D210CD9BC00A2D2A2 /* MainCoordinator.swift in Sources */,
				3908FB31210DFE4300A2D2A2 /* ExampleViewModel.swift in Sources */,
				3908FB38210E05AD00A2D2A2 /* MoreCoordinator.swift in Sources */,
				4C5D994521104E8300B3319A /* DebugCoordinator.swift in Sources */,
				4C5D994121104C4600B3319A /* DebugViewController.swift in Sources */,
				4DE97E0E1C7AFF1D00393489 /* Appearance.swift in Sources */,
				3908FB45210EF94D00A2D2A2 /* TabBarCoordinator.swift in Sources */,
				4C5D994321104DEE00B3319A /* DebugViewModel.swift in Sources */,
				3908FB19210CD6F200A2D2A2 /* AppCoordinator.swift in Sources */,
				4DE97E191C7AFF1D00393489 /* ExampleViewController.swift in Sources */,
				4DE97E291C7B04B200393489 /* Storyboard.swift in Sources */,
			);
			runOnlyForDeploymentPostprocessing = 0;
		};
/* End PBXSourcesBuildPhase section */

/* Begin PBXTargetDependency section */
		3908FAF0210CD30D00A2D2A2 /* PBXTargetDependency */ = {
			isa = PBXTargetDependency;
			target = 3908FADB210CD30D00A2D2A2 /* ExampleKit */;
			targetProxy = 3908FAEF210CD30D00A2D2A2 /* PBXContainerItemProxy */;
		};
/* End PBXTargetDependency section */

/* Begin PBXVariantGroup section */
		3908FB2A210DFD1800A2D2A2 /* Auth.storyboard */ = {
			isa = PBXVariantGroup;
			children = (
				3908FB29210DFD1800A2D2A2 /* Base */,
			);
			name = Auth.storyboard;
			sourceTree = "<group>";
		};
		3908FB2D210DFD1F00A2D2A2 /* More.storyboard */ = {
			isa = PBXVariantGroup;
			children = (
				3908FB2C210DFD1F00A2D2A2 /* Base */,
			);
			name = More.storyboard;
			sourceTree = "<group>";
		};
		4C5D993C21104BA300B3319A /* Debug.storyboard */ = {
			isa = PBXVariantGroup;
			children = (
				4C5D993D21104BA300B3319A /* Base */,
			);
			name = Debug.storyboard;
			sourceTree = "<group>";
		};
		4DE97DFA1C7AFF1D00393489 /* LaunchScreen.storyboard */ = {
			isa = PBXVariantGroup;
			children = (
				4DE97DFB1C7AFF1D00393489 /* Base */,
			);
			name = LaunchScreen.storyboard;
			sourceTree = "<group>";
		};
		4DE97DFC1C7AFF1D00393489 /* Main.storyboard */ = {
			isa = PBXVariantGroup;
			children = (
				4DE97DFD1C7AFF1D00393489 /* Base */,
			);
			name = Main.storyboard;
			sourceTree = "<group>";
		};
/* End PBXVariantGroup section */

/* Begin XCBuildConfiguration section */
		3908FAF4210CD30D00A2D2A2 /* Debug */ = {
			isa = XCBuildConfiguration;
			buildSettings = {
				APPLICATION_EXTENSION_API_ONLY = YES;
				CLANG_ANALYZER_NONNULL = YES;
				CLANG_ANALYZER_NUMBER_OBJECT_CONVERSION = YES_AGGRESSIVE;
				CLANG_CXX_LANGUAGE_STANDARD = "gnu++14";
				CLANG_ENABLE_OBJC_WEAK = YES;
				CLANG_WARN_DOCUMENTATION_COMMENTS = YES;
				CLANG_WARN_UNGUARDED_AVAILABILITY = YES_AGGRESSIVE;
				CODE_SIGN_IDENTITY = "iPhone Developer";
				CODE_SIGN_STYLE = Automatic;
				CURRENT_PROJECT_VERSION = 1;
				DEFINES_MODULE = YES;
				DEVELOPMENT_TEAM = M8F9QH57A6;
				DYLIB_COMPATIBILITY_VERSION = 1;
				DYLIB_CURRENT_VERSION = 1;
				DYLIB_INSTALL_NAME_BASE = "@rpath";
				FRAMEWORK_SEARCH_PATHS = (
					"$(inherited)",
					"$(PROJECT_DIR)/Carthage/Build/iOS",
				);
				GCC_C_LANGUAGE_STANDARD = gnu11;
				INFOPLIST_FILE = "$(SRCROOT)/ExampleKit/SupportingFiles/Info.plist";
				INSTALL_PATH = "$(LOCAL_LIBRARY_DIR)/Frameworks";
				LD_RUNPATH_SEARCH_PATHS = "$(inherited) @executable_path/Frameworks @loader_path/Frameworks";
				OTHER_LDFLAGS = "-ObjC";
				PRODUCT_BUNDLE_IDENTIFIER = at.allaboutapps.ExampleKit;
				PRODUCT_NAME = "$(TARGET_NAME:c99extidentifier)";
				SKIP_INSTALL = YES;
				SWIFT_ACTIVE_COMPILATION_CONDITIONS = DEBUG;
				SWIFT_VERSION = 4.0;
				TARGETED_DEVICE_FAMILY = "1,2";
				VERSIONING_SYSTEM = "apple-generic";
				VERSION_INFO_PREFIX = "";
			};
			name = Debug;
		};
		3908FAF5210CD30D00A2D2A2 /* Release */ = {
			isa = XCBuildConfiguration;
			buildSettings = {
				APPLICATION_EXTENSION_API_ONLY = YES;
				CLANG_ANALYZER_NONNULL = YES;
				CLANG_ANALYZER_NUMBER_OBJECT_CONVERSION = YES_AGGRESSIVE;
				CLANG_CXX_LANGUAGE_STANDARD = "gnu++14";
				CLANG_ENABLE_OBJC_WEAK = YES;
				CLANG_WARN_DOCUMENTATION_COMMENTS = YES;
				CLANG_WARN_UNGUARDED_AVAILABILITY = YES_AGGRESSIVE;
				CODE_SIGN_IDENTITY = "iPhone Developer";
				CODE_SIGN_STYLE = Automatic;
				CURRENT_PROJECT_VERSION = 1;
				DEFINES_MODULE = YES;
				DEVELOPMENT_TEAM = M8F9QH57A6;
				DYLIB_COMPATIBILITY_VERSION = 1;
				DYLIB_CURRENT_VERSION = 1;
				DYLIB_INSTALL_NAME_BASE = "@rpath";
				FRAMEWORK_SEARCH_PATHS = (
					"$(inherited)",
					"$(PROJECT_DIR)/Carthage/Build/iOS",
				);
				GCC_C_LANGUAGE_STANDARD = gnu11;
				INFOPLIST_FILE = "$(SRCROOT)/ExampleKit/SupportingFiles/Info.plist";
				INSTALL_PATH = "$(LOCAL_LIBRARY_DIR)/Frameworks";
				LD_RUNPATH_SEARCH_PATHS = "$(inherited) @executable_path/Frameworks @loader_path/Frameworks";
				OTHER_LDFLAGS = "-ObjC";
				PRODUCT_BUNDLE_IDENTIFIER = at.allaboutapps.ExampleKit;
				PRODUCT_NAME = "$(TARGET_NAME:c99extidentifier)";
				SKIP_INSTALL = YES;
				SWIFT_VERSION = 4.0;
				TARGETED_DEVICE_FAMILY = "1,2";
				VERSIONING_SYSTEM = "apple-generic";
				VERSION_INFO_PREFIX = "";
			};
			name = Release;
		};
		4DE97DDD1C7AFE3800393489 /* Debug */ = {
			isa = XCBuildConfiguration;
			buildSettings = {
				ALWAYS_SEARCH_USER_PATHS = NO;
				CLANG_CXX_LANGUAGE_STANDARD = "gnu++0x";
				CLANG_CXX_LIBRARY = "libc++";
				CLANG_ENABLE_MODULES = YES;
				CLANG_ENABLE_OBJC_ARC = YES;
				CLANG_WARN_BLOCK_CAPTURE_AUTORELEASING = YES;
				CLANG_WARN_BOOL_CONVERSION = YES;
				CLANG_WARN_COMMA = YES;
				CLANG_WARN_CONSTANT_CONVERSION = YES;
				CLANG_WARN_DEPRECATED_OBJC_IMPLEMENTATIONS = YES;
				CLANG_WARN_DIRECT_OBJC_ISA_USAGE = YES_ERROR;
				CLANG_WARN_EMPTY_BODY = YES;
				CLANG_WARN_ENUM_CONVERSION = YES;
				CLANG_WARN_INFINITE_RECURSION = YES;
				CLANG_WARN_INT_CONVERSION = YES;
				CLANG_WARN_NON_LITERAL_NULL_CONVERSION = YES;
				CLANG_WARN_OBJC_IMPLICIT_RETAIN_SELF = YES;
				CLANG_WARN_OBJC_LITERAL_CONVERSION = YES;
				CLANG_WARN_OBJC_ROOT_CLASS = YES_ERROR;
				CLANG_WARN_RANGE_LOOP_ANALYSIS = YES;
				CLANG_WARN_STRICT_PROTOTYPES = YES;
				CLANG_WARN_SUSPICIOUS_MOVE = YES;
				CLANG_WARN_UNREACHABLE_CODE = YES;
				CLANG_WARN__DUPLICATE_METHOD_MATCH = YES;
				"CODE_SIGN_IDENTITY[sdk=iphoneos*]" = "iPhone Developer";
				COPY_PHASE_STRIP = NO;
				DEBUG_INFORMATION_FORMAT = dwarf;
				ENABLE_STRICT_OBJC_MSGSEND = YES;
				ENABLE_TESTABILITY = YES;
				GCC_C_LANGUAGE_STANDARD = gnu99;
				GCC_DYNAMIC_NO_PIC = NO;
				GCC_NO_COMMON_BLOCKS = YES;
				GCC_OPTIMIZATION_LEVEL = 0;
				GCC_PREPROCESSOR_DEFINITIONS = (
					"DEBUG=1",
					"$(inherited)",
				);
				GCC_WARN_64_TO_32_BIT_CONVERSION = YES;
				GCC_WARN_ABOUT_RETURN_TYPE = YES_ERROR;
				GCC_WARN_UNDECLARED_SELECTOR = YES;
				GCC_WARN_UNINITIALIZED_AUTOS = YES_AGGRESSIVE;
				GCC_WARN_UNUSED_FUNCTION = YES;
				GCC_WARN_UNUSED_VARIABLE = YES;
				IPHONEOS_DEPLOYMENT_TARGET = 11.0;
				MTL_ENABLE_DEBUG_INFO = YES;
				ONLY_ACTIVE_ARCH = YES;
				SDKROOT = iphoneos;
				SWIFT_OPTIMIZATION_LEVEL = "-Onone";
			};
			name = Debug;
		};
		4DE97DDE1C7AFE3800393489 /* Release */ = {
			isa = XCBuildConfiguration;
			buildSettings = {
				ALWAYS_SEARCH_USER_PATHS = NO;
				CLANG_CXX_LANGUAGE_STANDARD = "gnu++0x";
				CLANG_CXX_LIBRARY = "libc++";
				CLANG_ENABLE_MODULES = YES;
				CLANG_ENABLE_OBJC_ARC = YES;
				CLANG_WARN_BLOCK_CAPTURE_AUTORELEASING = YES;
				CLANG_WARN_BOOL_CONVERSION = YES;
				CLANG_WARN_COMMA = YES;
				CLANG_WARN_CONSTANT_CONVERSION = YES;
				CLANG_WARN_DEPRECATED_OBJC_IMPLEMENTATIONS = YES;
				CLANG_WARN_DIRECT_OBJC_ISA_USAGE = YES_ERROR;
				CLANG_WARN_EMPTY_BODY = YES;
				CLANG_WARN_ENUM_CONVERSION = YES;
				CLANG_WARN_INFINITE_RECURSION = YES;
				CLANG_WARN_INT_CONVERSION = YES;
				CLANG_WARN_NON_LITERAL_NULL_CONVERSION = YES;
				CLANG_WARN_OBJC_IMPLICIT_RETAIN_SELF = YES;
				CLANG_WARN_OBJC_LITERAL_CONVERSION = YES;
				CLANG_WARN_OBJC_ROOT_CLASS = YES_ERROR;
				CLANG_WARN_RANGE_LOOP_ANALYSIS = YES;
				CLANG_WARN_STRICT_PROTOTYPES = YES;
				CLANG_WARN_SUSPICIOUS_MOVE = YES;
				CLANG_WARN_UNREACHABLE_CODE = YES;
				CLANG_WARN__DUPLICATE_METHOD_MATCH = YES;
				"CODE_SIGN_IDENTITY[sdk=iphoneos*]" = "iPhone Developer";
				COPY_PHASE_STRIP = NO;
				DEBUG_INFORMATION_FORMAT = "dwarf-with-dsym";
				ENABLE_NS_ASSERTIONS = NO;
				ENABLE_STRICT_OBJC_MSGSEND = YES;
				GCC_C_LANGUAGE_STANDARD = gnu99;
				GCC_NO_COMMON_BLOCKS = YES;
				GCC_WARN_64_TO_32_BIT_CONVERSION = YES;
				GCC_WARN_ABOUT_RETURN_TYPE = YES_ERROR;
				GCC_WARN_UNDECLARED_SELECTOR = YES;
				GCC_WARN_UNINITIALIZED_AUTOS = YES_AGGRESSIVE;
				GCC_WARN_UNUSED_FUNCTION = YES;
				GCC_WARN_UNUSED_VARIABLE = YES;
				IPHONEOS_DEPLOYMENT_TARGET = 11.0;
				MTL_ENABLE_DEBUG_INFO = NO;
				SDKROOT = iphoneos;
				SWIFT_OPTIMIZATION_LEVEL = "-Owholemodule";
				VALIDATE_PRODUCT = YES;
			};
			name = Release;
		};
		4DE97DE01C7AFE3800393489 /* Debug */ = {
			isa = XCBuildConfiguration;
			buildSettings = {
				ALWAYS_EMBED_SWIFT_STANDARD_LIBRARIES = YES;
				ASSETCATALOG_COMPILER_APPICON_NAME = AppIcon;
				CODE_SIGN_IDENTITY = "iPhone Developer";
				"CODE_SIGN_IDENTITY[sdk=iphoneos*]" = "iPhone Developer";
				CODE_SIGN_STYLE = Automatic;
				DEBUG_INFORMATION_FORMAT = "dwarf-with-dsym";
				DEVELOPMENT_TEAM = M8F9QH57A6;
				FRAMEWORK_SEARCH_PATHS = (
					"$(inherited)",
					"$(PROJECT_DIR)/Carthage/Build/iOS",
				);
				INFOPLIST_FILE = Example/SupportingFiles/Info.plist;
				LD_RUNPATH_SEARCH_PATHS = "$(inherited) @executable_path/Frameworks";
				OTHER_LDFLAGS = "-ObjC";
				PRODUCT_BUNDLE_IDENTIFIER = at.allaboutapps.Example;
				PRODUCT_NAME = "$(TARGET_NAME)";
				PROVISIONING_PROFILE_SPECIFIER = "";
				SWIFT_VERSION = 4.0;
			};
			name = Debug;
		};
		4DE97DE11C7AFE3800393489 /* Release */ = {
			isa = XCBuildConfiguration;
			buildSettings = {
				ALWAYS_EMBED_SWIFT_STANDARD_LIBRARIES = YES;
				ASSETCATALOG_COMPILER_APPICON_NAME = AppIcon;
				CODE_SIGN_IDENTITY = "iPhone Developer";
				"CODE_SIGN_IDENTITY[sdk=iphoneos*]" = "iPhone Developer";
				CODE_SIGN_STYLE = Automatic;
				DEVELOPMENT_TEAM = M8F9QH57A6;
				FRAMEWORK_SEARCH_PATHS = (
					"$(inherited)",
					"$(PROJECT_DIR)/Carthage/Build/iOS",
				);
				INFOPLIST_FILE = Example/SupportingFiles/Info.plist;
				LD_RUNPATH_SEARCH_PATHS = "$(inherited) @executable_path/Frameworks";
				OTHER_LDFLAGS = "-ObjC";
				PRODUCT_BUNDLE_IDENTIFIER = at.allaboutapps.Example;
				PRODUCT_NAME = "$(TARGET_NAME)";
				PROVISIONING_PROFILE_SPECIFIER = "";
				SWIFT_VERSION = 4.0;
			};
			name = Release;
		};
/* End XCBuildConfiguration section */

/* Begin XCConfigurationList section */
		3908FAF3210CD30D00A2D2A2 /* Build configuration list for PBXNativeTarget "ExampleKit" */ = {
			isa = XCConfigurationList;
			buildConfigurations = (
				3908FAF4210CD30D00A2D2A2 /* Debug */,
				3908FAF5210CD30D00A2D2A2 /* Release */,
			);
			defaultConfigurationIsVisible = 0;
			defaultConfigurationName = Release;
		};
		4DE97DB21C7AFE3800393489 /* Build configuration list for PBXProject "Example" */ = {
			isa = XCConfigurationList;
			buildConfigurations = (
				4DE97DDD1C7AFE3800393489 /* Debug */,
				4DE97DDE1C7AFE3800393489 /* Release */,
			);
			defaultConfigurationIsVisible = 0;
			defaultConfigurationName = Release;
		};
		4DE97DDF1C7AFE3800393489 /* Build configuration list for PBXNativeTarget "Example" */ = {
			isa = XCConfigurationList;
			buildConfigurations = (
				4DE97DE01C7AFE3800393489 /* Debug */,
				4DE97DE11C7AFE3800393489 /* Release */,
			);
			defaultConfigurationIsVisible = 0;
			defaultConfigurationName = Release;
		};
/* End XCConfigurationList section */
	};
	rootObject = 4DE97DAF1C7AFE3800393489 /* Project object */;
}
